// !$*UTF8*$!
{
	archiveVersion = 1;
	classes = {
	};
	objectVersion = 46;
	objects = {
/* Begin PBXBuildFile section */
		0207DA581B56EA530066E2B4 /* Images.xcassets in Resources */ = {isa = PBXBuildFile; fileRef = 0207DA571B56EA530066E2B4 /* Images.xcassets */; };
		1D3623260D0F684500981E51 /* AppDelegate.m in Sources */ = {isa = PBXBuildFile; fileRef = 1D3623250D0F684500981E51 /* AppDelegate.m */; };
		1D60589B0D05DD56006BFB54 /* main.m in Sources */ = {isa = PBXBuildFile; fileRef = 29B97316FDCFA39411CA2CEA /* main.m */; };
		301BF552109A68D80062928A /* libCordova.a in Frameworks */ = {isa = PBXBuildFile; fileRef = 301BF535109A57CC0062928A /* libCordova.a */; };
		302D95F114D2391D003F00A1 /* MainViewController.m in Sources */ = {isa = PBXBuildFile; fileRef = 302D95EF14D2391D003F00A1 /* MainViewController.m */; };
		302D95F214D2391D003F00A1 /* MainViewController.xib in Resources */ = {isa = PBXBuildFile; fileRef = 302D95F014D2391D003F00A1 /* MainViewController.xib */; };
		3047A5121AB8059700498E2A /* build-debug.xcconfig in Resources */ = {isa = PBXBuildFile; fileRef = 3047A50F1AB8059700498E2A /* build-debug.xcconfig */; };
		3047A5131AB8059700498E2A /* build-release.xcconfig in Resources */ = {isa = PBXBuildFile; fileRef = 3047A5101AB8059700498E2A /* build-release.xcconfig */; };
		3047A5141AB8059700498E2A /* build.xcconfig in Resources */ = {isa = PBXBuildFile; fileRef = 3047A5111AB8059700498E2A /* build.xcconfig */; };
		6AFF5BF91D6E424B00AB3073 /* CDVLaunchScreen.storyboard in Resources */ = {isa = PBXBuildFile; fileRef = 6AFF5BF81D6E424B00AB3073 /* CDVLaunchScreen.storyboard */; };
		6B637F4F5644481880651E96 /* CDVFile.m in Sources */ = {isa = PBXBuildFile; fileRef = 2F9A3B0A18F64A2499FC8A50 /* CDVFile.m */; };
		45D31789379A4F3CA305FD9F /* CDVLocalFilesystem.m in Sources */ = {isa = PBXBuildFile; fileRef = 2D43D30E321F450F9C2DC38C /* CDVLocalFilesystem.m */; };
		B019C34A6846468DAB2CB74D /* CDVAssetLibraryFilesystem.m in Sources */ = {isa = PBXBuildFile; fileRef = 4858E2A9387B48CD9F75C02B /* CDVAssetLibraryFilesystem.m */; };
		8916B173F91A49A6A662A4AD /* CordovaHttpPlugin.m in Sources */ = {isa = PBXBuildFile; fileRef = 223A6EA05B5D422BB3F96340 /* CordovaHttpPlugin.m */; };
		EFBCEEEC72594A1C9840E75A /* TextResponseSerializer.m in Sources */ = {isa = PBXBuildFile; fileRef = BA9CA6695C204DBC8559657C /* TextResponseSerializer.m */; };
		159ABA49EC6C40C8A668BE35 /* TextRequestSerializer.m in Sources */ = {isa = PBXBuildFile; fileRef = AC44A0734A83458DA61AAC22 /* TextRequestSerializer.m */; };
		52988E7D3C0B41F589146149 /* AFHTTPSessionManager.m in Sources */ = {isa = PBXBuildFile; fileRef = 0A62F94479D24B6FA9C600AE /* AFHTTPSessionManager.m */; };
		DC121ABEF7DF4354AF9BEFD4 /* AFNetworkReachabilityManager.m in Sources */ = {isa = PBXBuildFile; fileRef = 95B81BDC09AC4B079EC497DF /* AFNetworkReachabilityManager.m */; };
		F94D2F7A24B7404A9F62353F /* AFSecurityPolicy.m in Sources */ = {isa = PBXBuildFile; fileRef = E1B8480E384249A9945DA763 /* AFSecurityPolicy.m */; };
		B23D878CC6764CAB8FB78B43 /* AFURLRequestSerialization.m in Sources */ = {isa = PBXBuildFile; fileRef = FE1D1F6BB9074A08892A3504 /* AFURLRequestSerialization.m */; };
		F52FA7005C2348DF8350FFD7 /* AFURLResponseSerialization.m in Sources */ = {isa = PBXBuildFile; fileRef = 45768A7041BC405694BCA4F7 /* AFURLResponseSerialization.m */; };
		7E940985200E470BBCFD943E /* AFURLSessionManager.m in Sources */ = {isa = PBXBuildFile; fileRef = 1F62C1C380E94FD5A7056280 /* AFURLSessionManager.m */; };
		04463EC86CA74B3C9AB4EC78 /* SDNetworkActivityIndicator.m in Sources */ = {isa = PBXBuildFile; fileRef = 54C53F038E8645969C913B72 /* SDNetworkActivityIndicator.m */; };
		C9016261340A4549AFC6F8AA /* Security.framework in Frameworks */ = {isa = PBXBuildFile; fileRef = 6C6FA9D8623149828A7C78B3 /* Security.framework */; };
		1B51FACC9CE643BCBB92016C /* SystemConfiguration.framework in Frameworks */ = {isa = PBXBuildFile; fileRef = 9280F7979A7C459A8621CB86 /* SystemConfiguration.framework */; };
		20E272DA850A442A928C9CB7 /* APPBadge.m in Sources */ = {isa = PBXBuildFile; fileRef = 48977DA4003F41198A989D0E /* APPBadge.m */; };
		75EEAFBD43AB4D278B10506E /* DatePicker.m in Sources */ = {isa = PBXBuildFile; fileRef = 1CCEC2DF10D649B59A44A3FF /* DatePicker.m */; };
		5BF55AE34D4240FA8DA587AC /* DatePicker.xib in Resources */ = {isa = PBXBuildFile; fileRef = 04D81E32F7B34B1C86255EDF /* DatePicker.xib */; };
		DD375E5E7D5D401CA6EB2FEC /* CDVDevice.m in Sources */ = {isa = PBXBuildFile; fileRef = 561B1BDA7B50427AAC802753 /* CDVDevice.m */; };
		759C17B34EA74336811673B4 /* libz.tbd in Frameworks */ = {isa = PBXBuildFile; fileRef = 1E7C624069564DA5B8E7E8E0 /* libz.tbd */; };
		4AF8CEC13D3D45D1AAEC5468 /* APPEmailComposer.m in Sources */ = {isa = PBXBuildFile; fileRef = 6C8E8C4ECD734A9B8FDA3E08 /* APPEmailComposer.m */; };
		E1F57716330F4030978A811E /* APPEmailComposerImpl.m in Sources */ = {isa = PBXBuildFile; fileRef = DBFD8BCEBB5A4C9FBF2AF9FB /* APPEmailComposerImpl.m */; };
		4F6523E354C0437395F3FF61 /* MessageUI.framework in Frameworks */ = {isa = PBXBuildFile; fileRef = 3D4EDC7930AD4AD78F29FDA4 /* MessageUI.framework */; };
		B3C41BC1067B4190B9B71D17 /* APPLocalNotification.m in Sources */ = {isa = PBXBuildFile; fileRef = D5C40C4111234CE2934ADD66 /* APPLocalNotification.m */; };
		AABBD615F9214DB7AD124F65 /* APPNotificationContent.m in Sources */ = {isa = PBXBuildFile; fileRef = 619445A23F6D4A218F4666EC /* APPNotificationContent.m */; };
		BC505C5B1DCB489AA99C88E6 /* APPNotificationOptions.m in Sources */ = {isa = PBXBuildFile; fileRef = AD0845BB42914898A9FE036F /* APPNotificationOptions.m */; };
		6FE306E0224845E7B14180E8 /* UNUserNotificationCenter+APPLocalNotification.m in Sources */ = {isa = PBXBuildFile; fileRef = BDF307E4CE584B62B7B02DE4 /* UNUserNotificationCenter+APPLocalNotification.m */; };
		F076A9CBADD94DB5A6CFEA20 /* UNNotificationRequest+APPLocalNotification.m in Sources */ = {isa = PBXBuildFile; fileRef = D4270FEDA7A642A9B15D25B7 /* UNNotificationRequest+APPLocalNotification.m */; };
		DEE1740875074D029972A817 /* UserNotifications.framework in Frameworks */ = {isa = PBXBuildFile; fileRef = 4440EE6929084733A5C139B0 /* UserNotifications.framework */; };
		06160825DA864A67B09034EF /* CoreLocation.framework in Frameworks */ = {isa = PBXBuildFile; fileRef = 4F5E50E116F24024AC83E9DC /* CoreLocation.framework */; };
		F4935915AB4748DFA1B71374 /* CDVConnection.m in Sources */ = {isa = PBXBuildFile; fileRef = 1FB5B4BAE8FD49959AE03B18 /* CDVConnection.m */; };
		31E17E5628E845309CB5AA24 /* CDVReachability.m in Sources */ = {isa = PBXBuildFile; fileRef = 2397CC93D25645B28724CC5B /* CDVReachability.m */; };
		B97F59F4B06C4842A5B74BC0 /* CoreTelephony.framework in Frameworks */ = {isa = PBXBuildFile; fileRef = 58D60061A1E04C8EA5821601 /* CoreTelephony.framework */; };
		4645E066897F44FDB6E02D2A /* CDVNetworkInterface.m in Sources */ = {isa = PBXBuildFile; fileRef = 48BDAF9248CB4401A3BD0BF1 /* CDVNetworkInterface.m */; };
		BAF8589B12E9497AB5A88472 /* CDVSplashScreen.m in Sources */ = {isa = PBXBuildFile; fileRef = 960D68B9709B4751B8D71EE0 /* CDVSplashScreen.m */; };
		C39F7F9B011D4A488D92BA67 /* CDVViewController+SplashScreen.m in Sources */ = {isa = PBXBuildFile; fileRef = 750E15DFF021437CB2A8EF73 /* CDVViewController+SplashScreen.m */; };
		7BB88F91892940348135767C /* IonicKeyboard.m in Sources */ = {isa = PBXBuildFile; fileRef = 730994EF996F4902861E069C /* IonicKeyboard.m */; };
/* End PBXBuildFile section */

/* Begin PBXContainerItemProxy section */
		301BF534109A57CC0062928A /* PBXContainerItemProxy */ = {
			isa = PBXContainerItemProxy;
			containerPortal = 301BF52D109A57CC0062928A /* CordovaLib.xcodeproj */;
			proxyType = 2;
			remoteGlobalIDString = D2AAC07E0554694100DB518D;
			remoteInfo = CordovaLib;
		};
		301BF550109A68C00062928A /* PBXContainerItemProxy */ = {
			isa = PBXContainerItemProxy;
			containerPortal = 301BF52D109A57CC0062928A /* CordovaLib.xcodeproj */;
			proxyType = 1;
			remoteGlobalIDString = D2AAC07D0554694100DB518D;
			remoteInfo = CordovaLib;
		};
/* End PBXContainerItemProxy section */

/* Begin PBXFileReference section */
		0207DA571B56EA530066E2B4 /* Images.xcassets */ = {isa = PBXFileReference; lastKnownFileType = folder.assetcatalog; name = Images.xcassets; path = "MyMat - Light - Deutsch/Images.xcassets"; sourceTree = SOURCE_ROOT; };
		1D3623240D0F684500981E51 /* AppDelegate.h */ = {isa = PBXFileReference; fileEncoding = 4; lastKnownFileType = sourcecode.c.h; path = AppDelegate.h; sourceTree = "<group>"; };
		1D3623250D0F684500981E51 /* AppDelegate.m */ = {isa = PBXFileReference; fileEncoding = 4; lastKnownFileType = sourcecode.c.objc; path = AppDelegate.m; sourceTree = "<group>"; };
		1D6058910D05DD3D006BFB54 /* MyMat - Light - Deutsch.app */ = {isa = PBXFileReference; explicitFileType = wrapper.application; includeInIndex = 0; path = "MyMat - Light - Deutsch.app"; sourceTree = BUILT_PRODUCTS_DIR; };
		29B97316FDCFA39411CA2CEA /* main.m */ = {isa = PBXFileReference; fileEncoding = 4; lastKnownFileType = sourcecode.c.objc; path = main.m; sourceTree = "<group>"; };
		301BF52D109A57CC0062928A /* CordovaLib.xcodeproj */ = {isa = PBXFileReference; lastKnownFileType = "wrapper.pb-project"; path = CordovaLib/CordovaLib.xcodeproj; sourceTree = "<group>"; };
		301BF56E109A69640062928A /* www */ = {isa = PBXFileReference; lastKnownFileType = folder; path = www; sourceTree = SOURCE_ROOT; };
		302D95EE14D2391D003F00A1 /* MainViewController.h */ = {isa = PBXFileReference; fileEncoding = 4; lastKnownFileType = sourcecode.c.h; path = MainViewController.h; sourceTree = "<group>"; };
		302D95EF14D2391D003F00A1 /* MainViewController.m */ = {isa = PBXFileReference; fileEncoding = 4; lastKnownFileType = sourcecode.c.objc; path = MainViewController.m; sourceTree = "<group>"; };
		302D95F014D2391D003F00A1 /* MainViewController.xib */ = {isa = PBXFileReference; fileEncoding = 4; lastKnownFileType = file.xib; path = MainViewController.xib; sourceTree = "<group>"; };
		3047A50F1AB8059700498E2A /* build-debug.xcconfig */ = {isa = PBXFileReference; fileEncoding = 4; lastKnownFileType = text.xcconfig; name = "build-debug.xcconfig"; path = cordova/build-debug.xcconfig; sourceTree = SOURCE_ROOT; };
		3047A5101AB8059700498E2A /* build-release.xcconfig */ = {isa = PBXFileReference; fileEncoding = 4; lastKnownFileType = text.xcconfig; name = "build-release.xcconfig"; path = cordova/build-release.xcconfig; sourceTree = SOURCE_ROOT; };
		3047A5111AB8059700498E2A /* build.xcconfig */ = {isa = PBXFileReference; fileEncoding = 4; lastKnownFileType = text.xcconfig; name = build.xcconfig; path = cordova/build.xcconfig; sourceTree = SOURCE_ROOT; };
		32CA4F630368D1EE00C91783 /* MyMat - Light - Deutsch-Prefix.pch */ = {isa = PBXFileReference; fileEncoding = 4; lastKnownFileType = sourcecode.c.h; path = "MyMat - Light - Deutsch-Prefix.pch"; sourceTree = "<group>"; };
		6AFF5BF81D6E424B00AB3073 /* CDVLaunchScreen.storyboard */ = {isa = PBXFileReference; fileEncoding = 4; lastKnownFileType = file.storyboard; name = CDVLaunchScreen.storyboard; path = "MyMat - Light - Deutsch/CDVLaunchScreen.storyboard"; sourceTree = SOURCE_ROOT; };
		8D1107310486CEB800E47090 /* MyMat - Light - Deutsch-Info.plist */ = {isa = PBXFileReference; fileEncoding = 4; lastKnownFileType = text.plist.xml; name = "MyMat - Light - Deutsch-Info.plist"; path = "MyMat - Light - Deutsch/MyMat - Light - Deutsch-Info.plist"; plistStructureDefinitionIdentifier = "com.apple.xcode.plist.structure-definition.iphone.info-plist"; sourceTree = SOURCE_ROOT; };
		EB87FDF31871DA8E0020F90C /* www */ = {isa = PBXFileReference; lastKnownFileType = folder; name = www; path = ../../www; sourceTree = "<group>"; };
		EB87FDF41871DAF40020F90C /* config.xml */ = {isa = PBXFileReference; lastKnownFileType = text.xml; name = config.xml; path = ../../config.xml; sourceTree = "<group>"; };
		F840E1F0165FE0F500CFE078 /* config.xml */ = {isa = PBXFileReference; lastKnownFileType = text.xml; name = config.xml; path = "MyMat - Light - Deutsch/config.xml"; sourceTree = "<group>"; };
		ED33DF2A687741AEAF9F8254 /* Bridging-Header.h */ = {isa = PBXFileReference; fileEncoding = 4; lastKnownFileType = sourcecode.c.h; name = "Bridging-Header.h"; path = "Bridging-Header.h"; sourceTree = "<group>"; };
		2F9A3B0A18F64A2499FC8A50 /* CDVFile.m */ = {isa = PBXFileReference; name = "CDVFile.m"; path = "cordova-plugin-file/CDVFile.m"; sourceTree = "<group>"; fileEncoding = 4; lastKnownFileType = sourcecode.c.objc; explicitFileType = undefined; includeInIndex = 0; };
		2D43D30E321F450F9C2DC38C /* CDVLocalFilesystem.m */ = {isa = PBXFileReference; name = "CDVLocalFilesystem.m"; path = "cordova-plugin-file/CDVLocalFilesystem.m"; sourceTree = "<group>"; fileEncoding = 4; lastKnownFileType = sourcecode.c.objc; explicitFileType = undefined; includeInIndex = 0; };
		4858E2A9387B48CD9F75C02B /* CDVAssetLibraryFilesystem.m */ = {isa = PBXFileReference; name = "CDVAssetLibraryFilesystem.m"; path = "cordova-plugin-file/CDVAssetLibraryFilesystem.m"; sourceTree = "<group>"; fileEncoding = 4; lastKnownFileType = sourcecode.c.objc; explicitFileType = undefined; includeInIndex = 0; };
		9BBD3CE6C51C4CB9A87A5908 /* CDVFile.h */ = {isa = PBXFileReference; name = "CDVFile.h"; path = "cordova-plugin-file/CDVFile.h"; sourceTree = "<group>"; fileEncoding = 4; lastKnownFileType = sourcecode.c.h; explicitFileType = undefined; includeInIndex = 0; };
		ED4B329E32D74D50B3F18345 /* CDVLocalFilesystem.h */ = {isa = PBXFileReference; name = "CDVLocalFilesystem.h"; path = "cordova-plugin-file/CDVLocalFilesystem.h"; sourceTree = "<group>"; fileEncoding = 4; lastKnownFileType = sourcecode.c.h; explicitFileType = undefined; includeInIndex = 0; };
		92D0CF6C3D594C29A66FAAC9 /* CDVAssetLibraryFilesystem.h */ = {isa = PBXFileReference; name = "CDVAssetLibraryFilesystem.h"; path = "cordova-plugin-file/CDVAssetLibraryFilesystem.h"; sourceTree = "<group>"; fileEncoding = 4; lastKnownFileType = sourcecode.c.h; explicitFileType = undefined; includeInIndex = 0; };
		223A6EA05B5D422BB3F96340 /* CordovaHttpPlugin.m */ = {isa = PBXFileReference; name = "CordovaHttpPlugin.m"; path = "cordova-plugin-advanced-http/CordovaHttpPlugin.m"; sourceTree = "<group>"; fileEncoding = 4; lastKnownFileType = sourcecode.c.objc; explicitFileType = undefined; includeInIndex = 0; };
		BA9CA6695C204DBC8559657C /* TextResponseSerializer.m */ = {isa = PBXFileReference; name = "TextResponseSerializer.m"; path = "cordova-plugin-advanced-http/TextResponseSerializer.m"; sourceTree = "<group>"; fileEncoding = 4; lastKnownFileType = sourcecode.c.objc; explicitFileType = undefined; includeInIndex = 0; };
		AC44A0734A83458DA61AAC22 /* TextRequestSerializer.m */ = {isa = PBXFileReference; name = "TextRequestSerializer.m"; path = "cordova-plugin-advanced-http/TextRequestSerializer.m"; sourceTree = "<group>"; fileEncoding = 4; lastKnownFileType = sourcecode.c.objc; explicitFileType = undefined; includeInIndex = 0; };
		0A62F94479D24B6FA9C600AE /* AFHTTPSessionManager.m */ = {isa = PBXFileReference; name = "AFHTTPSessionManager.m"; path = "cordova-plugin-advanced-http/AFHTTPSessionManager.m"; sourceTree = "<group>"; fileEncoding = 4; lastKnownFileType = sourcecode.c.objc; explicitFileType = undefined; includeInIndex = 0; };
		95B81BDC09AC4B079EC497DF /* AFNetworkReachabilityManager.m */ = {isa = PBXFileReference; name = "AFNetworkReachabilityManager.m"; path = "cordova-plugin-advanced-http/AFNetworkReachabilityManager.m"; sourceTree = "<group>"; fileEncoding = 4; lastKnownFileType = sourcecode.c.objc; explicitFileType = undefined; includeInIndex = 0; };
		E1B8480E384249A9945DA763 /* AFSecurityPolicy.m */ = {isa = PBXFileReference; name = "AFSecurityPolicy.m"; path = "cordova-plugin-advanced-http/AFSecurityPolicy.m"; sourceTree = "<group>"; fileEncoding = 4; lastKnownFileType = sourcecode.c.objc; explicitFileType = undefined; includeInIndex = 0; };
		FE1D1F6BB9074A08892A3504 /* AFURLRequestSerialization.m */ = {isa = PBXFileReference; name = "AFURLRequestSerialization.m"; path = "cordova-plugin-advanced-http/AFURLRequestSerialization.m"; sourceTree = "<group>"; fileEncoding = 4; lastKnownFileType = sourcecode.c.objc; explicitFileType = undefined; includeInIndex = 0; };
		45768A7041BC405694BCA4F7 /* AFURLResponseSerialization.m */ = {isa = PBXFileReference; name = "AFURLResponseSerialization.m"; path = "cordova-plugin-advanced-http/AFURLResponseSerialization.m"; sourceTree = "<group>"; fileEncoding = 4; lastKnownFileType = sourcecode.c.objc; explicitFileType = undefined; includeInIndex = 0; };
		1F62C1C380E94FD5A7056280 /* AFURLSessionManager.m */ = {isa = PBXFileReference; name = "AFURLSessionManager.m"; path = "cordova-plugin-advanced-http/AFURLSessionManager.m"; sourceTree = "<group>"; fileEncoding = 4; lastKnownFileType = sourcecode.c.objc; explicitFileType = undefined; includeInIndex = 0; };
		54C53F038E8645969C913B72 /* SDNetworkActivityIndicator.m */ = {isa = PBXFileReference; name = "SDNetworkActivityIndicator.m"; path = "cordova-plugin-advanced-http/SDNetworkActivityIndicator.m"; sourceTree = "<group>"; fileEncoding = 4; lastKnownFileType = sourcecode.c.objc; explicitFileType = undefined; includeInIndex = 0; };
		BFAA026920714C64918FCDC2 /* CordovaHttpPlugin.h */ = {isa = PBXFileReference; name = "CordovaHttpPlugin.h"; path = "cordova-plugin-advanced-http/CordovaHttpPlugin.h"; sourceTree = "<group>"; fileEncoding = 4; lastKnownFileType = sourcecode.c.h; explicitFileType = undefined; includeInIndex = 0; };
		B9E92BA84A294886BA942CD6 /* TextResponseSerializer.h */ = {isa = PBXFileReference; name = "TextResponseSerializer.h"; path = "cordova-plugin-advanced-http/TextResponseSerializer.h"; sourceTree = "<group>"; fileEncoding = 4; lastKnownFileType = sourcecode.c.h; explicitFileType = undefined; includeInIndex = 0; };
		A923160D912646FF82ED6865 /* TextRequestSerializer.h */ = {isa = PBXFileReference; name = "TextRequestSerializer.h"; path = "cordova-plugin-advanced-http/TextRequestSerializer.h"; sourceTree = "<group>"; fileEncoding = 4; lastKnownFileType = sourcecode.c.h; explicitFileType = undefined; includeInIndex = 0; };
		51C98BF740F74335A2A02471 /* AFHTTPSessionManager.h */ = {isa = PBXFileReference; name = "AFHTTPSessionManager.h"; path = "cordova-plugin-advanced-http/AFHTTPSessionManager.h"; sourceTree = "<group>"; fileEncoding = 4; lastKnownFileType = sourcecode.c.h; explicitFileType = undefined; includeInIndex = 0; };
		B6478A0EA95C4B849AB80834 /* AFNetworking.h */ = {isa = PBXFileReference; name = "AFNetworking.h"; path = "cordova-plugin-advanced-http/AFNetworking.h"; sourceTree = "<group>"; fileEncoding = 4; lastKnownFileType = sourcecode.c.h; explicitFileType = undefined; includeInIndex = 0; };
		2877B373AAC84930B4ECE4CF /* AFNetworkReachabilityManager.h */ = {isa = PBXFileReference; name = "AFNetworkReachabilityManager.h"; path = "cordova-plugin-advanced-http/AFNetworkReachabilityManager.h"; sourceTree = "<group>"; fileEncoding = 4; lastKnownFileType = sourcecode.c.h; explicitFileType = undefined; includeInIndex = 0; };
		1E748015BCA04D57B4081DF0 /* AFSecurityPolicy.h */ = {isa = PBXFileReference; name = "AFSecurityPolicy.h"; path = "cordova-plugin-advanced-http/AFSecurityPolicy.h"; sourceTree = "<group>"; fileEncoding = 4; lastKnownFileType = sourcecode.c.h; explicitFileType = undefined; includeInIndex = 0; };
		04C87C7597B748EE9B64BCE7 /* AFURLRequestSerialization.h */ = {isa = PBXFileReference; name = "AFURLRequestSerialization.h"; path = "cordova-plugin-advanced-http/AFURLRequestSerialization.h"; sourceTree = "<group>"; fileEncoding = 4; lastKnownFileType = sourcecode.c.h; explicitFileType = undefined; includeInIndex = 0; };
		7EFDD8C782AA4A838BCD00A4 /* AFURLResponseSerialization.h */ = {isa = PBXFileReference; name = "AFURLResponseSerialization.h"; path = "cordova-plugin-advanced-http/AFURLResponseSerialization.h"; sourceTree = "<group>"; fileEncoding = 4; lastKnownFileType = sourcecode.c.h; explicitFileType = undefined; includeInIndex = 0; };
		9CC9448E6B1B4C4B9DC211D3 /* AFURLSessionManager.h */ = {isa = PBXFileReference; name = "AFURLSessionManager.h"; path = "cordova-plugin-advanced-http/AFURLSessionManager.h"; sourceTree = "<group>"; fileEncoding = 4; lastKnownFileType = sourcecode.c.h; explicitFileType = undefined; includeInIndex = 0; };
		AF4AA119E4E2428BA8AE6294 /* SDNetworkActivityIndicator.h */ = {isa = PBXFileReference; name = "SDNetworkActivityIndicator.h"; path = "cordova-plugin-advanced-http/SDNetworkActivityIndicator.h"; sourceTree = "<group>"; fileEncoding = 4; lastKnownFileType = sourcecode.c.h; explicitFileType = undefined; includeInIndex = 0; };
		6C6FA9D8623149828A7C78B3 /* Security.framework */ = {isa = PBXFileReference; name = "Security.framework"; path = "System/Library/Frameworks/Security.framework"; sourceTree = SDKROOT; fileEncoding = undefined; lastKnownFileType = wrapper.framework; explicitFileType = undefined; includeInIndex = 0; };
		9280F7979A7C459A8621CB86 /* SystemConfiguration.framework */ = {isa = PBXFileReference; name = "SystemConfiguration.framework"; path = "System/Library/Frameworks/SystemConfiguration.framework"; sourceTree = SDKROOT; fileEncoding = undefined; lastKnownFileType = wrapper.framework; explicitFileType = undefined; includeInIndex = 0; };
		48977DA4003F41198A989D0E /* APPBadge.m */ = {isa = PBXFileReference; name = "APPBadge.m"; path = "cordova-plugin-badge/APPBadge.m"; sourceTree = "<group>"; fileEncoding = 4; lastKnownFileType = sourcecode.c.objc; explicitFileType = undefined; includeInIndex = 0; };
		5C3BB9572E9B479D95A28200 /* APPBadge.h */ = {isa = PBXFileReference; name = "APPBadge.h"; path = "cordova-plugin-badge/APPBadge.h"; sourceTree = "<group>"; fileEncoding = 4; lastKnownFileType = sourcecode.c.h; explicitFileType = undefined; includeInIndex = 0; };
		1CCEC2DF10D649B59A44A3FF /* DatePicker.m */ = {isa = PBXFileReference; name = "DatePicker.m"; path = "cordova-plugin-datepicker/DatePicker.m"; sourceTree = "<group>"; fileEncoding = 4; lastKnownFileType = sourcecode.c.objc; explicitFileType = undefined; includeInIndex = 0; };
		979792D73C534A5190BA4EB4 /* DatePicker.h */ = {isa = PBXFileReference; name = "DatePicker.h"; path = "cordova-plugin-datepicker/DatePicker.h"; sourceTree = "<group>"; fileEncoding = 4; lastKnownFileType = sourcecode.c.h; explicitFileType = undefined; includeInIndex = 0; };
		04D81E32F7B34B1C86255EDF /* DatePicker.xib */ = {isa = PBXFileReference; name = "DatePicker.xib"; path = "DatePicker.xib"; sourceTree = "<group>"; fileEncoding = undefined; lastKnownFileType = file.xib; explicitFileType = undefined; includeInIndex = 0; };
		561B1BDA7B50427AAC802753 /* CDVDevice.m */ = {isa = PBXFileReference; name = "CDVDevice.m"; path = "cordova-plugin-device/CDVDevice.m"; sourceTree = "<group>"; fileEncoding = 4; lastKnownFileType = sourcecode.c.objc; explicitFileType = undefined; includeInIndex = 0; };
		6325130CF52D4C80B170CB69 /* CDVDevice.h */ = {isa = PBXFileReference; name = "CDVDevice.h"; path = "cordova-plugin-device/CDVDevice.h"; sourceTree = "<group>"; fileEncoding = 4; lastKnownFileType = sourcecode.c.h; explicitFileType = undefined; includeInIndex = 0; };
		1E7C624069564DA5B8E7E8E0 /* libz.tbd */ = {isa = PBXFileReference; name = "libz.tbd"; path = "usr/lib/libz.tbd"; sourceTree = SDKROOT; fileEncoding = undefined; lastKnownFileType = sourcecode.text-based-dylib-definition; explicitFileType = undefined; includeInIndex = 0; };
		6C8E8C4ECD734A9B8FDA3E08 /* APPEmailComposer.m */ = {isa = PBXFileReference; name = "APPEmailComposer.m"; path = "cordova-plugin-email-composer/APPEmailComposer.m"; sourceTree = "<group>"; fileEncoding = 4; lastKnownFileType = sourcecode.c.objc; explicitFileType = undefined; includeInIndex = 0; };
		DBFD8BCEBB5A4C9FBF2AF9FB /* APPEmailComposerImpl.m */ = {isa = PBXFileReference; name = "APPEmailComposerImpl.m"; path = "cordova-plugin-email-composer/APPEmailComposerImpl.m"; sourceTree = "<group>"; fileEncoding = 4; lastKnownFileType = sourcecode.c.objc; explicitFileType = undefined; includeInIndex = 0; };
		5044B6BBD92440CEBEA29DF3 /* APPEmailComposer.h */ = {isa = PBXFileReference; name = "APPEmailComposer.h"; path = "cordova-plugin-email-composer/APPEmailComposer.h"; sourceTree = "<group>"; fileEncoding = 4; lastKnownFileType = sourcecode.c.h; explicitFileType = undefined; includeInIndex = 0; };
		0B03C2AD90084A53845067CD /* APPEmailComposerImpl.h */ = {isa = PBXFileReference; name = "APPEmailComposerImpl.h"; path = "cordova-plugin-email-composer/APPEmailComposerImpl.h"; sourceTree = "<group>"; fileEncoding = 4; lastKnownFileType = sourcecode.c.h; explicitFileType = undefined; includeInIndex = 0; };
		3D4EDC7930AD4AD78F29FDA4 /* MessageUI.framework */ = {isa = PBXFileReference; name = "MessageUI.framework"; path = "System/Library/Frameworks/MessageUI.framework"; sourceTree = SDKROOT; fileEncoding = undefined; lastKnownFileType = wrapper.framework; explicitFileType = undefined; includeInIndex = 0; };
		D5C40C4111234CE2934ADD66 /* APPLocalNotification.m */ = {isa = PBXFileReference; name = "APPLocalNotification.m"; path = "cordova-plugin-local-notification/APPLocalNotification.m"; sourceTree = "<group>"; fileEncoding = 4; lastKnownFileType = sourcecode.c.objc; explicitFileType = undefined; includeInIndex = 0; };
		619445A23F6D4A218F4666EC /* APPNotificationContent.m */ = {isa = PBXFileReference; name = "APPNotificationContent.m"; path = "cordova-plugin-local-notification/APPNotificationContent.m"; sourceTree = "<group>"; fileEncoding = 4; lastKnownFileType = sourcecode.c.objc; explicitFileType = undefined; includeInIndex = 0; };
		AD0845BB42914898A9FE036F /* APPNotificationOptions.m */ = {isa = PBXFileReference; name = "APPNotificationOptions.m"; path = "cordova-plugin-local-notification/APPNotificationOptions.m"; sourceTree = "<group>"; fileEncoding = 4; lastKnownFileType = sourcecode.c.objc; explicitFileType = undefined; includeInIndex = 0; };
		BDF307E4CE584B62B7B02DE4 /* UNUserNotificationCenter+APPLocalNotification.m */ = {isa = PBXFileReference; name = "UNUserNotificationCenter+APPLocalNotification.m"; path = "cordova-plugin-local-notification/UNUserNotificationCenter+APPLocalNotification.m"; sourceTree = "<group>"; fileEncoding = 4; lastKnownFileType = sourcecode.c.objc; explicitFileType = undefined; includeInIndex = 0; };
		D4270FEDA7A642A9B15D25B7 /* UNNotificationRequest+APPLocalNotification.m */ = {isa = PBXFileReference; name = "UNNotificationRequest+APPLocalNotification.m"; path = "cordova-plugin-local-notification/UNNotificationRequest+APPLocalNotification.m"; sourceTree = "<group>"; fileEncoding = 4; lastKnownFileType = sourcecode.c.objc; explicitFileType = undefined; includeInIndex = 0; };
		D0E5E989587A403ABB5726BD /* APPLocalNotification.h */ = {isa = PBXFileReference; name = "APPLocalNotification.h"; path = "cordova-plugin-local-notification/APPLocalNotification.h"; sourceTree = "<group>"; fileEncoding = 4; lastKnownFileType = sourcecode.c.h; explicitFileType = undefined; includeInIndex = 0; };
		DEADAD2E8D0A48BD90A7F174 /* APPNotificationContent.h */ = {isa = PBXFileReference; name = "APPNotificationContent.h"; path = "cordova-plugin-local-notification/APPNotificationContent.h"; sourceTree = "<group>"; fileEncoding = 4; lastKnownFileType = sourcecode.c.h; explicitFileType = undefined; includeInIndex = 0; };
		21C5974A765445CB8B0F9066 /* APPNotificationOptions.h */ = {isa = PBXFileReference; name = "APPNotificationOptions.h"; path = "cordova-plugin-local-notification/APPNotificationOptions.h"; sourceTree = "<group>"; fileEncoding = 4; lastKnownFileType = sourcecode.c.h; explicitFileType = undefined; includeInIndex = 0; };
		2BE194C8A7BE4CF7BAB23F24 /* UNUserNotificationCenter+APPLocalNotification.h */ = {isa = PBXFileReference; name = "UNUserNotificationCenter+APPLocalNotification.h"; path = "cordova-plugin-local-notification/UNUserNotificationCenter+APPLocalNotification.h"; sourceTree = "<group>"; fileEncoding = 4; lastKnownFileType = sourcecode.c.h; explicitFileType = undefined; includeInIndex = 0; };
		71668C926714474192382EB1 /* UNNotificationRequest+APPLocalNotification.h */ = {isa = PBXFileReference; name = "UNNotificationRequest+APPLocalNotification.h"; path = "cordova-plugin-local-notification/UNNotificationRequest+APPLocalNotification.h"; sourceTree = "<group>"; fileEncoding = 4; lastKnownFileType = sourcecode.c.h; explicitFileType = undefined; includeInIndex = 0; };
		4440EE6929084733A5C139B0 /* UserNotifications.framework */ = {isa = PBXFileReference; name = "UserNotifications.framework"; path = "System/Library/Frameworks/UserNotifications.framework"; sourceTree = SDKROOT; fileEncoding = undefined; lastKnownFileType = wrapper.framework; explicitFileType = undefined; includeInIndex = 0; };
		4F5E50E116F24024AC83E9DC /* CoreLocation.framework */ = {isa = PBXFileReference; name = "CoreLocation.framework"; path = "System/Library/Frameworks/CoreLocation.framework"; sourceTree = SDKROOT; fileEncoding = undefined; lastKnownFileType = wrapper.framework; explicitFileType = undefined; includeInIndex = 0; };
		1FB5B4BAE8FD49959AE03B18 /* CDVConnection.m */ = {isa = PBXFileReference; name = "CDVConnection.m"; path = "cordova-plugin-network-information/CDVConnection.m"; sourceTree = "<group>"; fileEncoding = 4; lastKnownFileType = sourcecode.c.objc; explicitFileType = undefined; includeInIndex = 0; };
		2397CC93D25645B28724CC5B /* CDVReachability.m */ = {isa = PBXFileReference; name = "CDVReachability.m"; path = "cordova-plugin-network-information/CDVReachability.m"; sourceTree = "<group>"; fileEncoding = 4; lastKnownFileType = sourcecode.c.objc; explicitFileType = undefined; includeInIndex = 0; };
		785D106502AF48C98810321C /* CDVConnection.h */ = {isa = PBXFileReference; name = "CDVConnection.h"; path = "cordova-plugin-network-information/CDVConnection.h"; sourceTree = "<group>"; fileEncoding = 4; lastKnownFileType = sourcecode.c.h; explicitFileType = undefined; includeInIndex = 0; };
		F53D52D3A4D64D04A6892B9F /* CDVReachability.h */ = {isa = PBXFileReference; name = "CDVReachability.h"; path = "cordova-plugin-network-information/CDVReachability.h"; sourceTree = "<group>"; fileEncoding = 4; lastKnownFileType = sourcecode.c.h; explicitFileType = undefined; includeInIndex = 0; };
		58D60061A1E04C8EA5821601 /* CoreTelephony.framework */ = {isa = PBXFileReference; name = "CoreTelephony.framework"; path = "System/Library/Frameworks/CoreTelephony.framework"; sourceTree = SDKROOT; fileEncoding = undefined; lastKnownFileType = wrapper.framework; explicitFileType = undefined; includeInIndex = 0; };
		48BDAF9248CB4401A3BD0BF1 /* CDVNetworkInterface.m */ = {isa = PBXFileReference; name = "CDVNetworkInterface.m"; path = "cordova-plugin-networkinterface/CDVNetworkInterface.m"; sourceTree = "<group>"; fileEncoding = 4; lastKnownFileType = sourcecode.c.objc; explicitFileType = undefined; includeInIndex = 0; };
		8BEAB45485D5413C87A26590 /* CDVNetworkInterface.h */ = {isa = PBXFileReference; name = "CDVNetworkInterface.h"; path = "cordova-plugin-networkinterface/CDVNetworkInterface.h"; sourceTree = "<group>"; fileEncoding = 4; lastKnownFileType = sourcecode.c.h; explicitFileType = undefined; includeInIndex = 0; };
		960D68B9709B4751B8D71EE0 /* CDVSplashScreen.m */ = {isa = PBXFileReference; name = "CDVSplashScreen.m"; path = "cordova-plugin-splashscreen/CDVSplashScreen.m"; sourceTree = "<group>"; fileEncoding = 4; lastKnownFileType = sourcecode.c.objc; explicitFileType = undefined; includeInIndex = 0; };
		750E15DFF021437CB2A8EF73 /* CDVViewController+SplashScreen.m */ = {isa = PBXFileReference; name = "CDVViewController+SplashScreen.m"; path = "cordova-plugin-splashscreen/CDVViewController+SplashScreen.m"; sourceTree = "<group>"; fileEncoding = 4; lastKnownFileType = sourcecode.c.objc; explicitFileType = undefined; includeInIndex = 0; };
		439606F5CA34487D9CE97C10 /* CDVSplashScreen.h */ = {isa = PBXFileReference; name = "CDVSplashScreen.h"; path = "cordova-plugin-splashscreen/CDVSplashScreen.h"; sourceTree = "<group>"; fileEncoding = 4; lastKnownFileType = sourcecode.c.h; explicitFileType = undefined; includeInIndex = 0; };
		A9324294EFC14FAF96BCA346 /* CDVViewController+SplashScreen.h */ = {isa = PBXFileReference; name = "CDVViewController+SplashScreen.h"; path = "cordova-plugin-splashscreen/CDVViewController+SplashScreen.h"; sourceTree = "<group>"; fileEncoding = 4; lastKnownFileType = sourcecode.c.h; explicitFileType = undefined; includeInIndex = 0; };
		730994EF996F4902861E069C /* IonicKeyboard.m */ = {isa = PBXFileReference; name = "IonicKeyboard.m"; path = "ionic-plugin-keyboard/IonicKeyboard.m"; sourceTree = "<group>"; fileEncoding = 4; lastKnownFileType = sourcecode.c.objc; explicitFileType = undefined; includeInIndex = 0; };
		7566D4F4CDC3499687EBCABB /* IonicKeyboard.h */ = {isa = PBXFileReference; name = "IonicKeyboard.h"; path = "ionic-plugin-keyboard/IonicKeyboard.h"; sourceTree = "<group>"; fileEncoding = 4; lastKnownFileType = sourcecode.c.h; explicitFileType = undefined; includeInIndex = 0; };
/* End PBXFileReference section */

/* Begin PBXFrameworksBuildPhase section */
		1D60588F0D05DD3D006BFB54 /* Frameworks */ = {
			isa = PBXFrameworksBuildPhase;
			buildActionMask = 2147483647;
			files = (
				301BF552109A68D80062928A /* libCordova.a in Frameworks */,
				C9016261340A4549AFC6F8AA /* Security.framework in Frameworks */,
				1B51FACC9CE643BCBB92016C /* SystemConfiguration.framework in Frameworks */,
				759C17B34EA74336811673B4 /* libz.tbd in Frameworks */,
				4F6523E354C0437395F3FF61 /* MessageUI.framework in Frameworks */,
				DEE1740875074D029972A817 /* UserNotifications.framework in Frameworks */,
				06160825DA864A67B09034EF /* CoreLocation.framework in Frameworks */,
				B97F59F4B06C4842A5B74BC0 /* CoreTelephony.framework in Frameworks */,
			);
			runOnlyForDeploymentPostprocessing = 0;
		};
/* End PBXFrameworksBuildPhase section */

/* Begin PBXGroup section */
		080E96DDFE201D6D7F000001 /* Classes */ = {
			isa = PBXGroup;
			children = (
				302D95EE14D2391D003F00A1 /* MainViewController.h */,
				302D95EF14D2391D003F00A1 /* MainViewController.m */,
				302D95F014D2391D003F00A1 /* MainViewController.xib */,
				1D3623240D0F684500981E51 /* AppDelegate.h */,
				1D3623250D0F684500981E51 /* AppDelegate.m */,
			);
			name = Classes;
			path = "MyMat - Light - Deutsch/Classes";
			sourceTree = SOURCE_ROOT;
		};
		19C28FACFE9D520D11CA2CBB /* Products */ = {
			isa = PBXGroup;
			children = (
				1D6058910D05DD3D006BFB54 /* MyMat - Light - Deutsch.app */,
			);
			name = Products;
			sourceTree = "<group>";
		};
		29B97314FDCFA39411CA2CEA /* CustomTemplate */ = {
			isa = PBXGroup;
			children = (
				EB87FDF41871DAF40020F90C /* config.xml */,
				EB87FDF31871DA8E0020F90C /* www */,
				EB87FDF11871DA420020F90C /* Staging */,
				301BF52D109A57CC0062928A /* CordovaLib.xcodeproj */,
				080E96DDFE201D6D7F000001 /* Classes */,
				307C750510C5A3420062BCA9 /* Plugins */,
				29B97315FDCFA39411CA2CEA /* Other Sources */,
				29B97317FDCFA39411CA2CEA /* Resources */,
				29B97323FDCFA39411CA2CEA /* Frameworks */,
				19C28FACFE9D520D11CA2CBB /* Products */,
			);
			name = CustomTemplate;
			sourceTree = "<group>";
		};
		29B97315FDCFA39411CA2CEA /* Other Sources */ = {
			isa = PBXGroup;
			children = (
				32CA4F630368D1EE00C91783 /* MyMat - Light - Deutsch-Prefix.pch */,
				29B97316FDCFA39411CA2CEA /* main.m */,
				ED33DF2A687741AEAF9F8254 /* Bridging-Header.h */,
			);
			name = "Other Sources";
			path = "MyMat - Light - Deutsch";
			sourceTree = "<group>";
		};
		29B97317FDCFA39411CA2CEA /* Resources */ = {
			isa = PBXGroup;
			children = (
				0207DA571B56EA530066E2B4 /* Images.xcassets */,
				3047A50E1AB8057F00498E2A /* config */,
				8D1107310486CEB800E47090 /* MyMat - Light - Deutsch-Info.plist */,
				6AFF5BF81D6E424B00AB3073 /* CDVLaunchScreen.storyboard */,
				04D81E32F7B34B1C86255EDF /* DatePicker.xib */,
			);
			name = Resources;
			path = "MyMat - Light - Deutsch/Resources";
			sourceTree = "<group>";
		};
		29B97323FDCFA39411CA2CEA /* Frameworks */ = {
			isa = PBXGroup;
			children = (
				6C6FA9D8623149828A7C78B3 /* Security.framework */,
				9280F7979A7C459A8621CB86 /* SystemConfiguration.framework */,
				1E7C624069564DA5B8E7E8E0 /* libz.tbd */,
				3D4EDC7930AD4AD78F29FDA4 /* MessageUI.framework */,
				4440EE6929084733A5C139B0 /* UserNotifications.framework */,
				4F5E50E116F24024AC83E9DC /* CoreLocation.framework */,
				58D60061A1E04C8EA5821601 /* CoreTelephony.framework */,
			);
			name = Frameworks;
			sourceTree = "<group>";
		};
		301BF52E109A57CC0062928A /* Products */ = {
			isa = PBXGroup;
			children = (
				301BF535109A57CC0062928A /* libCordova.a */,
			);
			name = Products;
			sourceTree = "<group>";
		};
		3047A50E1AB8057F00498E2A /* config */ = {
			isa = PBXGroup;
			children = (
				3047A50F1AB8059700498E2A /* build-debug.xcconfig */,
				3047A5101AB8059700498E2A /* build-release.xcconfig */,
				3047A5111AB8059700498E2A /* build.xcconfig */,
			);
			name = config;
			sourceTree = "<group>";
		};
		307C750510C5A3420062BCA9 /* Plugins */ = {
			isa = PBXGroup;
			children = (
				2F9A3B0A18F64A2499FC8A50 /* CDVFile.m */,
				2D43D30E321F450F9C2DC38C /* CDVLocalFilesystem.m */,
				4858E2A9387B48CD9F75C02B /* CDVAssetLibraryFilesystem.m */,
				9BBD3CE6C51C4CB9A87A5908 /* CDVFile.h */,
				ED4B329E32D74D50B3F18345 /* CDVLocalFilesystem.h */,
				92D0CF6C3D594C29A66FAAC9 /* CDVAssetLibraryFilesystem.h */,
				223A6EA05B5D422BB3F96340 /* CordovaHttpPlugin.m */,
				BA9CA6695C204DBC8559657C /* TextResponseSerializer.m */,
				AC44A0734A83458DA61AAC22 /* TextRequestSerializer.m */,
				0A62F94479D24B6FA9C600AE /* AFHTTPSessionManager.m */,
				95B81BDC09AC4B079EC497DF /* AFNetworkReachabilityManager.m */,
				E1B8480E384249A9945DA763 /* AFSecurityPolicy.m */,
				FE1D1F6BB9074A08892A3504 /* AFURLRequestSerialization.m */,
				45768A7041BC405694BCA4F7 /* AFURLResponseSerialization.m */,
				1F62C1C380E94FD5A7056280 /* AFURLSessionManager.m */,
				54C53F038E8645969C913B72 /* SDNetworkActivityIndicator.m */,
				BFAA026920714C64918FCDC2 /* CordovaHttpPlugin.h */,
				B9E92BA84A294886BA942CD6 /* TextResponseSerializer.h */,
				A923160D912646FF82ED6865 /* TextRequestSerializer.h */,
				51C98BF740F74335A2A02471 /* AFHTTPSessionManager.h */,
				B6478A0EA95C4B849AB80834 /* AFNetworking.h */,
				2877B373AAC84930B4ECE4CF /* AFNetworkReachabilityManager.h */,
				1E748015BCA04D57B4081DF0 /* AFSecurityPolicy.h */,
				04C87C7597B748EE9B64BCE7 /* AFURLRequestSerialization.h */,
				7EFDD8C782AA4A838BCD00A4 /* AFURLResponseSerialization.h */,
				9CC9448E6B1B4C4B9DC211D3 /* AFURLSessionManager.h */,
				AF4AA119E4E2428BA8AE6294 /* SDNetworkActivityIndicator.h */,
				48977DA4003F41198A989D0E /* APPBadge.m */,
				5C3BB9572E9B479D95A28200 /* APPBadge.h */,
				1CCEC2DF10D649B59A44A3FF /* DatePicker.m */,
				979792D73C534A5190BA4EB4 /* DatePicker.h */,
				561B1BDA7B50427AAC802753 /* CDVDevice.m */,
				6325130CF52D4C80B170CB69 /* CDVDevice.h */,
				6C8E8C4ECD734A9B8FDA3E08 /* APPEmailComposer.m */,
				DBFD8BCEBB5A4C9FBF2AF9FB /* APPEmailComposerImpl.m */,
				5044B6BBD92440CEBEA29DF3 /* APPEmailComposer.h */,
				0B03C2AD90084A53845067CD /* APPEmailComposerImpl.h */,
				D5C40C4111234CE2934ADD66 /* APPLocalNotification.m */,
				619445A23F6D4A218F4666EC /* APPNotificationContent.m */,
				AD0845BB42914898A9FE036F /* APPNotificationOptions.m */,
				BDF307E4CE584B62B7B02DE4 /* UNUserNotificationCenter+APPLocalNotification.m */,
				D4270FEDA7A642A9B15D25B7 /* UNNotificationRequest+APPLocalNotification.m */,
				D0E5E989587A403ABB5726BD /* APPLocalNotification.h */,
				DEADAD2E8D0A48BD90A7F174 /* APPNotificationContent.h */,
				21C5974A765445CB8B0F9066 /* APPNotificationOptions.h */,
				2BE194C8A7BE4CF7BAB23F24 /* UNUserNotificationCenter+APPLocalNotification.h */,
				71668C926714474192382EB1 /* UNNotificationRequest+APPLocalNotification.h */,
				1FB5B4BAE8FD49959AE03B18 /* CDVConnection.m */,
				2397CC93D25645B28724CC5B /* CDVReachability.m */,
				785D106502AF48C98810321C /* CDVConnection.h */,
				F53D52D3A4D64D04A6892B9F /* CDVReachability.h */,
				48BDAF9248CB4401A3BD0BF1 /* CDVNetworkInterface.m */,
				8BEAB45485D5413C87A26590 /* CDVNetworkInterface.h */,
				960D68B9709B4751B8D71EE0 /* CDVSplashScreen.m */,
				750E15DFF021437CB2A8EF73 /* CDVViewController+SplashScreen.m */,
				439606F5CA34487D9CE97C10 /* CDVSplashScreen.h */,
				A9324294EFC14FAF96BCA346 /* CDVViewController+SplashScreen.h */,
				730994EF996F4902861E069C /* IonicKeyboard.m */,
				7566D4F4CDC3499687EBCABB /* IonicKeyboard.h */,
			);
			name = Plugins;
			path = "MyMat - Light - Deutsch/Plugins";
			sourceTree = SOURCE_ROOT;
		};
		EB87FDF11871DA420020F90C /* Staging */ = {
			isa = PBXGroup;
			children = (
				F840E1F0165FE0F500CFE078 /* config.xml */,
				301BF56E109A69640062928A /* www */,
			);
			name = Staging;
			sourceTree = "<group>";
		};
/* End PBXGroup section */

/* Begin PBXNativeTarget section */
		1D6058900D05DD3D006BFB54 /* MyMat - Light - Deutsch */ = {
			isa = PBXNativeTarget;
			buildConfigurationList = 1D6058960D05DD3E006BFB54 /* Build configuration list for PBXNativeTarget "MyMat - Light - Deutsch" */;
			buildPhases = (
				304B58A110DAC018002A0835 /* Copy www directory */,
				1D60588D0D05DD3D006BFB54 /* Resources */,
				1D60588E0D05DD3D006BFB54 /* Sources */,
				1D60588F0D05DD3D006BFB54 /* Frameworks */,
			);
			buildRules = (
			);
			dependencies = (
				301BF551109A68C00062928A /* PBXTargetDependency */,
			);
			name = "MyMat - Light - Deutsch";
			productName = "MyMat - Light - Deutsch";
			productReference = 1D6058910D05DD3D006BFB54 /* MyMat - Light - Deutsch.app */;
			productType = "com.apple.product-type.application";
		};
/* End PBXNativeTarget section */

/* Begin PBXProject section */
		29B97313FDCFA39411CA2CEA /* Project object */ = {
			isa = PBXProject;
			attributes = {
				LastUpgradeCheck = 510;
			};
			buildConfigurationList = C01FCF4E08A954540054247B /* Build configuration list for PBXProject "__NON-CLI__" */;
			compatibilityVersion = "Xcode 3.2";
			developmentRegion = English;
			hasScannedForEncodings = 1;
			mainGroup = 29B97314FDCFA39411CA2CEA /* CustomTemplate */;
			projectDirPath = "";
			projectReferences = (
				{
					ProductGroup = 301BF52E109A57CC0062928A /* Products */;
					ProjectRef = 301BF52D109A57CC0062928A /* CordovaLib.xcodeproj */;
				},
			);
			projectRoot = "";
			targets = (
				1D6058900D05DD3D006BFB54 /* MyMat - Light - Deutsch */,
			);
		};
/* End PBXProject section */

/* Begin PBXReferenceProxy section */
		301BF535109A57CC0062928A /* libCordova.a */ = {
			isa = PBXReferenceProxy;
			fileType = archive.ar;
			path = libCordova.a;
			remoteRef = 301BF534109A57CC0062928A /* PBXContainerItemProxy */;
			sourceTree = BUILT_PRODUCTS_DIR;
		};
/* End PBXReferenceProxy section */

/* Begin PBXResourcesBuildPhase section */
		1D60588D0D05DD3D006BFB54 /* Resources */ = {
			isa = PBXResourcesBuildPhase;
			buildActionMask = 2147483647;
			files = (
				302D95F214D2391D003F00A1 /* MainViewController.xib in Resources */,
				0207DA581B56EA530066E2B4 /* Images.xcassets in Resources */,
				6AFF5BF91D6E424B00AB3073 /* CDVLaunchScreen.storyboard in Resources */,
				5BF55AE34D4240FA8DA587AC /* DatePicker.xib in Resources */,
			);
			runOnlyForDeploymentPostprocessing = 0;
		};
/* End PBXResourcesBuildPhase section */

/* Begin PBXShellScriptBuildPhase section */
		304B58A110DAC018002A0835 /* Copy www directory */ = {
			isa = PBXShellScriptBuildPhase;
			buildActionMask = 2147483647;
			files = (
			);
			inputPaths = (
			);
			name = "Copy www directory";
			outputPaths = (
			);
			runOnlyForDeploymentPostprocessing = 0;
			shellPath = /bin/sh;
			shellScript = "NODEJS_PATH=/usr/local/bin; NVM_NODE_PATH=~/.nvm/versions/node/`nvm version 2>/dev/null`/bin; N_NODE_PATH=`find /usr/local/n/versions/node/* -maxdepth 0 -type d 2>/dev/null | tail -1`/bin; XCODE_NODE_PATH=`xcode-select --print-path`/usr/share/xcs/Node/bin; PATH=$NODEJS_PATH:$NVM_NODE_PATH:$N_NODE_PATH:$XCODE_NODE_PATH:$PATH && node cordova/lib/copy-www-build-step.js";
			showEnvVarsInLog = 0;
		};
/* End PBXShellScriptBuildPhase section */

/* Begin PBXSourcesBuildPhase section */
		1D60588E0D05DD3D006BFB54 /* Sources */ = {
			isa = PBXSourcesBuildPhase;
			buildActionMask = 2147483647;
			files = (
				1D60589B0D05DD56006BFB54 /* main.m in Sources */,
				1D3623260D0F684500981E51 /* AppDelegate.m in Sources */,
				302D95F114D2391D003F00A1 /* MainViewController.m in Sources */,
				6B637F4F5644481880651E96 /* CDVFile.m in Sources */,
				45D31789379A4F3CA305FD9F /* CDVLocalFilesystem.m in Sources */,
				B019C34A6846468DAB2CB74D /* CDVAssetLibraryFilesystem.m in Sources */,
				8916B173F91A49A6A662A4AD /* CordovaHttpPlugin.m in Sources */,
				EFBCEEEC72594A1C9840E75A /* TextResponseSerializer.m in Sources */,
				159ABA49EC6C40C8A668BE35 /* TextRequestSerializer.m in Sources */,
				52988E7D3C0B41F589146149 /* AFHTTPSessionManager.m in Sources */,
				DC121ABEF7DF4354AF9BEFD4 /* AFNetworkReachabilityManager.m in Sources */,
				F94D2F7A24B7404A9F62353F /* AFSecurityPolicy.m in Sources */,
				B23D878CC6764CAB8FB78B43 /* AFURLRequestSerialization.m in Sources */,
				F52FA7005C2348DF8350FFD7 /* AFURLResponseSerialization.m in Sources */,
				7E940985200E470BBCFD943E /* AFURLSessionManager.m in Sources */,
				04463EC86CA74B3C9AB4EC78 /* SDNetworkActivityIndicator.m in Sources */,
				20E272DA850A442A928C9CB7 /* APPBadge.m in Sources */,
				75EEAFBD43AB4D278B10506E /* DatePicker.m in Sources */,
				DD375E5E7D5D401CA6EB2FEC /* CDVDevice.m in Sources */,
				4AF8CEC13D3D45D1AAEC5468 /* APPEmailComposer.m in Sources */,
				E1F57716330F4030978A811E /* APPEmailComposerImpl.m in Sources */,
				B3C41BC1067B4190B9B71D17 /* APPLocalNotification.m in Sources */,
				AABBD615F9214DB7AD124F65 /* APPNotificationContent.m in Sources */,
				BC505C5B1DCB489AA99C88E6 /* APPNotificationOptions.m in Sources */,
				6FE306E0224845E7B14180E8 /* UNUserNotificationCenter+APPLocalNotification.m in Sources */,
				F076A9CBADD94DB5A6CFEA20 /* UNNotificationRequest+APPLocalNotification.m in Sources */,
				F4935915AB4748DFA1B71374 /* CDVConnection.m in Sources */,
				31E17E5628E845309CB5AA24 /* CDVReachability.m in Sources */,
				4645E066897F44FDB6E02D2A /* CDVNetworkInterface.m in Sources */,
				BAF8589B12E9497AB5A88472 /* CDVSplashScreen.m in Sources */,
				C39F7F9B011D4A488D92BA67 /* CDVViewController+SplashScreen.m in Sources */,
				7BB88F91892940348135767C /* IonicKeyboard.m in Sources */,
			);
			runOnlyForDeploymentPostprocessing = 0;
		};
/* End PBXSourcesBuildPhase section */

/* Begin PBXTargetDependency section */
		301BF551109A68C00062928A /* PBXTargetDependency */ = {
			isa = PBXTargetDependency;
			name = CordovaLib;
			targetProxy = 301BF550109A68C00062928A /* PBXContainerItemProxy */;
		};
/* End PBXTargetDependency section */

/* Begin XCBuildConfiguration section */
		1D6058940D05DD3E006BFB54 /* Debug */ = {
			isa = XCBuildConfiguration;
			baseConfigurationReference = 3047A50F1AB8059700498E2A /* build-debug.xcconfig */;
			buildSettings = {
				ALWAYS_SEARCH_USER_PATHS = NO;
				ASSETCATALOG_COMPILER_APPICON_NAME = AppIcon;
				ASSETCATALOG_COMPILER_LAUNCHIMAGE_NAME = LaunchImage;
				CLANG_ENABLE_MODULES = YES;
				CLANG_ENABLE_OBJC_ARC = YES;
				COPY_PHASE_STRIP = NO;
				GCC_DYNAMIC_NO_PIC = NO;
				GCC_OPTIMIZATION_LEVEL = 0;
				GCC_PRECOMPILE_PREFIX_HEADER = YES;
				GCC_PREFIX_HEADER = "MyMat - Light - Deutsch/MyMat - Light - Deutsch-Prefix.pch";
				GCC_THUMB_SUPPORT = NO;
				GCC_VERSION = "";
				INFOPLIST_FILE = "MyMat - Light - Deutsch/MyMat - Light - Deutsch-Info.plist";
				IPHONEOS_DEPLOYMENT_TARGET = 9.0;
				LD_RUNPATH_SEARCH_PATHS = "@executable_path/Frameworks";
				TARGETED_DEVICE_FAMILY = "1,2";
				PRODUCT_NAME = "MyMat - Light - Deutsch";
			};
			name = Debug;
		};
		1D6058950D05DD3E006BFB54 /* Release */ = {
			isa = XCBuildConfiguration;
			baseConfigurationReference = 3047A5101AB8059700498E2A /* build-release.xcconfig */;
			buildSettings = {
				ALWAYS_SEARCH_USER_PATHS = NO;
				ASSETCATALOG_COMPILER_APPICON_NAME = AppIcon;
				ASSETCATALOG_COMPILER_LAUNCHIMAGE_NAME = LaunchImage;
				CLANG_ENABLE_MODULES = YES;
				CLANG_ENABLE_OBJC_ARC = YES;
				COPY_PHASE_STRIP = YES;
				GCC_PRECOMPILE_PREFIX_HEADER = YES;
				GCC_PREFIX_HEADER = "MyMat - Light - Deutsch/MyMat - Light - Deutsch-Prefix.pch";
				GCC_THUMB_SUPPORT = NO;
				GCC_VERSION = "";
				INFOPLIST_FILE = "MyMat - Light - Deutsch/MyMat - Light - Deutsch-Info.plist";
				IPHONEOS_DEPLOYMENT_TARGET = 9.0;
				LD_RUNPATH_SEARCH_PATHS = "@executable_path/Frameworks";
				TARGETED_DEVICE_FAMILY = "1,2";
				PRODUCT_NAME = "MyMat - Light - Deutsch";
			};
			name = Release;
		};
		C01FCF4F08A954540054247B /* Debug */ = {
			isa = XCBuildConfiguration;
			baseConfigurationReference = 3047A5111AB8059700498E2A /* build.xcconfig */;
			buildSettings = {
				CLANG_ENABLE_MODULES = YES;
				CLANG_ENABLE_OBJC_ARC = YES;
				CLANG_WARN_BOOL_CONVERSION = YES;
				CLANG_WARN_CONSTANT_CONVERSION = YES;
				CLANG_WARN_EMPTY_BODY = YES;
				CLANG_WARN_ENUM_CONVERSION = YES;
				CLANG_WARN_INT_CONVERSION = YES;
				CLANG_WARN__DUPLICATE_METHOD_MATCH = YES;
				GCC_C_LANGUAGE_STANDARD = c99;
				GCC_THUMB_SUPPORT = NO;
				GCC_VERSION = "";
				GCC_WARN_ABOUT_RETURN_TYPE = YES;
				GCC_WARN_UNDECLARED_SELECTOR = YES;
				GCC_WARN_UNINITIALIZED_AUTOS = YES;
				GCC_WARN_UNUSED_FUNCTION = YES;
				GCC_WARN_UNUSED_VARIABLE = YES;
				ONLY_ACTIVE_ARCH = YES;
				SDKROOT = iphoneos;
				SKIP_INSTALL = NO;
				IPHONEOS_DEPLOYMENT_TARGET = 9.0;
			};
			name = Debug;
		};
		C01FCF5008A954540054247B /* Release */ = {
			isa = XCBuildConfiguration;
			baseConfigurationReference = 3047A5111AB8059700498E2A /* build.xcconfig */;
			buildSettings = {
				CLANG_ENABLE_MODULES = YES;
				CLANG_ENABLE_OBJC_ARC = YES;
				CLANG_WARN_BOOL_CONVERSION = YES;
				CLANG_WARN_CONSTANT_CONVERSION = YES;
				CLANG_WARN_EMPTY_BODY = YES;
				CLANG_WARN_ENUM_CONVERSION = YES;
				CLANG_WARN_INT_CONVERSION = YES;
				CLANG_WARN__DUPLICATE_METHOD_MATCH = YES;
				GCC_C_LANGUAGE_STANDARD = c99;
				GCC_THUMB_SUPPORT = NO;
				GCC_VERSION = "";
				GCC_WARN_ABOUT_RETURN_TYPE = YES;
				GCC_WARN_UNDECLARED_SELECTOR = YES;
				GCC_WARN_UNINITIALIZED_AUTOS = YES;
				GCC_WARN_UNUSED_FUNCTION = YES;
				GCC_WARN_UNUSED_VARIABLE = YES;
				SDKROOT = iphoneos;
				SKIP_INSTALL = NO;
				IPHONEOS_DEPLOYMENT_TARGET = 9.0;
			};
			name = Release;
		};
/* End XCBuildConfiguration section */

/* Begin XCConfigurationList section */
		1D6058960D05DD3E006BFB54 /* Build configuration list for PBXNativeTarget "MyMat - Light - Deutsch" */ = {
			isa = XCConfigurationList;
			buildConfigurations = (
				1D6058940D05DD3E006BFB54 /* Debug */,
				1D6058950D05DD3E006BFB54 /* Release */,
			);
			defaultConfigurationIsVisible = 0;
			defaultConfigurationName = Release;
		};
		C01FCF4E08A954540054247B /* Build configuration list for PBXProject "__NON-CLI__" */ = {
			isa = XCConfigurationList;
			buildConfigurations = (
				C01FCF4F08A954540054247B /* Debug */,
				C01FCF5008A954540054247B /* Release */,
			);
			defaultConfigurationIsVisible = 0;
			defaultConfigurationName = Release;
		};
/* End XCConfigurationList section */
	};
	rootObject = 29B97313FDCFA39411CA2CEA /* Project object */;
}
