// !$*UTF8*$!
{
	archiveVersion = 1;
	classes = {
	};
	objectVersion = 46;
	objects = {
/* Begin PBXBuildFile section */
		0207DA581B56EA530066E2B4 /* Images.xcassets in Resources */ = {isa = PBXBuildFile; fileRef = 0207DA571B56EA530066E2B4 /* Images.xcassets */; };
		1D3623260D0F684500981E51 /* AppDelegate.m in Sources */ = {isa = PBXBuildFile; fileRef = 1D3623250D0F684500981E51 /* AppDelegate.m */; };
		1D60589B0D05DD56006BFB54 /* main.m in Sources */ = {isa = PBXBuildFile; fileRef = 29B97316FDCFA39411CA2CEA /* main.m */; };
		301BF552109A68D80062928A /* libCordova.a in Frameworks */ = {isa = PBXBuildFile; fileRef = 301BF535109A57CC0062928A /* libCordova.a */; };
		302D95F114D2391D003F00A1 /* MainViewController.m in Sources */ = {isa = PBXBuildFile; fileRef = 302D95EF14D2391D003F00A1 /* MainViewController.m */; };
		302D95F214D2391D003F00A1 /* MainViewController.xib in Resources */ = {isa = PBXBuildFile; fileRef = 302D95F014D2391D003F00A1 /* MainViewController.xib */; };
		3047A5121AB8059700498E2A /* build-debug.xcconfig in Resources */ = {isa = PBXBuildFile; fileRef = 3047A50F1AB8059700498E2A /* build-debug.xcconfig */; };
		3047A5131AB8059700498E2A /* build-release.xcconfig in Resources */ = {isa = PBXBuildFile; fileRef = 3047A5101AB8059700498E2A /* build-release.xcconfig */; };
		3047A5141AB8059700498E2A /* build.xcconfig in Resources */ = {isa = PBXBuildFile; fileRef = 3047A5111AB8059700498E2A /* build.xcconfig */; };
		6AFF5BF91D6E424B00AB3073 /* CDVLaunchScreen.storyboard in Resources */ = {isa = PBXBuildFile; fileRef = 6AFF5BF81D6E424B00AB3073 /* CDVLaunchScreen.storyboard */; };
		C1A6FD32AF52459C958F17BA /* CDVFile.m in Sources */ = {isa = PBXBuildFile; fileRef = B7295834711F4B1CA6B62E88 /* CDVFile.m */; };
		68FD671E38C24EEF8774DAA0 /* CDVLocalFilesystem.m in Sources */ = {isa = PBXBuildFile; fileRef = 78ED7213BEEC436A8627DF82 /* CDVLocalFilesystem.m */; };
		F06E9B637F5347FCA0FB35CF /* CDVAssetLibraryFilesystem.m in Sources */ = {isa = PBXBuildFile; fileRef = 287360B4072E4BACBF4E91A5 /* CDVAssetLibraryFilesystem.m */; };
		7141B44011664F43A2CFD23C /* CordovaHttpPlugin.m in Sources */ = {isa = PBXBuildFile; fileRef = CEBB194FAA294BC6AC1EA927 /* CordovaHttpPlugin.m */; };
		5CC4573E170E40B8B422789C /* TextResponseSerializer.m in Sources */ = {isa = PBXBuildFile; fileRef = 2B9C1D2140D545089C9B3924 /* TextResponseSerializer.m */; };
		79BA2A7C1AA349B18BB961F2 /* TextRequestSerializer.m in Sources */ = {isa = PBXBuildFile; fileRef = 548309C5CC4C49EF904B0011 /* TextRequestSerializer.m */; };
		ED76D15B07A343F7BB5BF760 /* AFHTTPSessionManager.m in Sources */ = {isa = PBXBuildFile; fileRef = 5210E0EB86B249FFA71BD7AB /* AFHTTPSessionManager.m */; };
		E03B219C549D4AA2BDF4B73D /* AFNetworkReachabilityManager.m in Sources */ = {isa = PBXBuildFile; fileRef = 3BD200781D0A4E7EB8F34021 /* AFNetworkReachabilityManager.m */; };
		90BC7E91EB7D4EE49C50DA72 /* AFSecurityPolicy.m in Sources */ = {isa = PBXBuildFile; fileRef = 284DD9D9902D4B7EA35A9ED3 /* AFSecurityPolicy.m */; };
		BEC824DD218B4BB094332018 /* AFURLRequestSerialization.m in Sources */ = {isa = PBXBuildFile; fileRef = D189374428E84CF6A3406F47 /* AFURLRequestSerialization.m */; };
		CEFA5B8A5B924FE0AD6CB7A5 /* AFURLResponseSerialization.m in Sources */ = {isa = PBXBuildFile; fileRef = B03816D9F9C8444D9D837014 /* AFURLResponseSerialization.m */; };
		2B8F69BE5D3147F9B659B841 /* AFURLSessionManager.m in Sources */ = {isa = PBXBuildFile; fileRef = 899F8F828B284BBF9FD6FFB2 /* AFURLSessionManager.m */; };
		A8E3BAF37ACA42088EAEB209 /* SDNetworkActivityIndicator.m in Sources */ = {isa = PBXBuildFile; fileRef = C334F0BBCB2D489EBA67ECDA /* SDNetworkActivityIndicator.m */; };
		0DB5079E112841B098063E64 /* Security.framework in Frameworks */ = {isa = PBXBuildFile; fileRef = 69B86C1A348448A0854716A4 /* Security.framework */; };
		68352BACD9774754991D6F98 /* SystemConfiguration.framework in Frameworks */ = {isa = PBXBuildFile; fileRef = EF121470993D4479A18E3B44 /* SystemConfiguration.framework */; };
		2D0FF12F7C0D448AB0549407 /* APPBadge.m in Sources */ = {isa = PBXBuildFile; fileRef = 2079C4DFC2404A488FA513AB /* APPBadge.m */; };
		68DC1B189DEE4432B4CD2866 /* DatePicker.m in Sources */ = {isa = PBXBuildFile; fileRef = 1667B09B6A8442208328D675 /* DatePicker.m */; };
		331C0C5828C24CACA29089A7 /* DatePicker.xib in Resources */ = {isa = PBXBuildFile; fileRef = 2C901C10F2684D51A216B97E /* DatePicker.xib */; };
		13E13A49600D476D930902EF /* CDVDevice.m in Sources */ = {isa = PBXBuildFile; fileRef = F38A2B4C4D8A4D2283C3F611 /* CDVDevice.m */; };
		7121921AFC8D4824855575C7 /* libz.tbd in Frameworks */ = {isa = PBXBuildFile; fileRef = 2A4B2E83473F411F987AF65F /* libz.tbd */; };
		36CE9C1AAC5748C2A2CD294E /* APPEmailComposer.m in Sources */ = {isa = PBXBuildFile; fileRef = 8A3D29CB8A7343E1BF46FEAC /* APPEmailComposer.m */; };
		20EE33421FE7486CA21F3141 /* APPEmailComposerImpl.m in Sources */ = {isa = PBXBuildFile; fileRef = DD1ACA4A58A9443696A27DE9 /* APPEmailComposerImpl.m */; };
		05A54AF7B8084AE58DD8CDD0 /* MessageUI.framework in Frameworks */ = {isa = PBXBuildFile; fileRef = 5B5EB52505124A67B2831602 /* MessageUI.framework */; };
		F582D46F2F7D416E93BA83E5 /* APPLocalNotification.m in Sources */ = {isa = PBXBuildFile; fileRef = BC7F5B5CE78A4DC7964CA9CC /* APPLocalNotification.m */; };
		CF3FE328FF564D1C9268515B /* APPNotificationContent.m in Sources */ = {isa = PBXBuildFile; fileRef = 5A0CA799BE644979A00DFB6F /* APPNotificationContent.m */; };
		1A99C0A73B5D4C4AA2DBBAE8 /* APPNotificationOptions.m in Sources */ = {isa = PBXBuildFile; fileRef = 2266A2F1A691451198CF3222 /* APPNotificationOptions.m */; };
		804D2F9D293F459F82338BF8 /* UNUserNotificationCenter+APPLocalNotification.m in Sources */ = {isa = PBXBuildFile; fileRef = BA82BA2451694C5B80AF65C1 /* UNUserNotificationCenter+APPLocalNotification.m */; };
		5F7A1478191244ECAB260B1D /* UNNotificationRequest+APPLocalNotification.m in Sources */ = {isa = PBXBuildFile; fileRef = 36B108286C624B0FA86C2D5F /* UNNotificationRequest+APPLocalNotification.m */; };
		8540CF5717AB45B9A3C6DA8D /* UserNotifications.framework in Frameworks */ = {isa = PBXBuildFile; fileRef = C4BA5883FD6B448A9D74C6CC /* UserNotifications.framework */; };
		A03FC56B87434B849B2422E7 /* CoreLocation.framework in Frameworks */ = {isa = PBXBuildFile; fileRef = 64E6A59DE6E24134B9F99E19 /* CoreLocation.framework */; };
		DFC812DFD3804CD48624A21A /* CDVConnection.m in Sources */ = {isa = PBXBuildFile; fileRef = B99FE57C3D544374AC67907E /* CDVConnection.m */; };
		0A9A5F5866FD4BA1A4298E85 /* CDVReachability.m in Sources */ = {isa = PBXBuildFile; fileRef = 3C80B81D818D4D028140D11D /* CDVReachability.m */; };
		78EED71C6EE045EEBA851081 /* CoreTelephony.framework in Frameworks */ = {isa = PBXBuildFile; fileRef = AB6643210E0C48ED815082A8 /* CoreTelephony.framework */; };
		2B70C6B04904440C9CBFC4EF /* CDVNetworkInterface.m in Sources */ = {isa = PBXBuildFile; fileRef = A02F202F23E54385902ED477 /* CDVNetworkInterface.m */; };
		3FE879F94E33466E927ADDFE /* CDVSplashScreen.m in Sources */ = {isa = PBXBuildFile; fileRef = DE7341137BC84C8EBEAEDBEA /* CDVSplashScreen.m */; };
		73FEC84D839D461788DFCFF5 /* CDVViewController+SplashScreen.m in Sources */ = {isa = PBXBuildFile; fileRef = F2DB27AF2FD340B0961DB6C9 /* CDVViewController+SplashScreen.m */; };
		0FC02F95E6DE4D3A8D1B337D /* IonicKeyboard.m in Sources */ = {isa = PBXBuildFile; fileRef = ACC13956B52E427BBFCF7674 /* IonicKeyboard.m */; };
/* End PBXBuildFile section */

/* Begin PBXContainerItemProxy section */
		301BF534109A57CC0062928A /* PBXContainerItemProxy */ = {
			isa = PBXContainerItemProxy;
			containerPortal = 301BF52D109A57CC0062928A /* CordovaLib.xcodeproj */;
			proxyType = 2;
			remoteGlobalIDString = D2AAC07E0554694100DB518D;
			remoteInfo = CordovaLib;
		};
		301BF550109A68C00062928A /* PBXContainerItemProxy */ = {
			isa = PBXContainerItemProxy;
			containerPortal = 301BF52D109A57CC0062928A /* CordovaLib.xcodeproj */;
			proxyType = 1;
			remoteGlobalIDString = D2AAC07D0554694100DB518D;
			remoteInfo = CordovaLib;
		};
/* End PBXContainerItemProxy section */

/* Begin PBXFileReference section */
		0207DA571B56EA530066E2B4 /* Images.xcassets */ = {isa = PBXFileReference; lastKnownFileType = folder.assetcatalog; name = Images.xcassets; path = "MyMat - Light - Deutsch/Images.xcassets"; sourceTree = SOURCE_ROOT; };
		1D3623240D0F684500981E51 /* AppDelegate.h */ = {isa = PBXFileReference; fileEncoding = 4; lastKnownFileType = sourcecode.c.h; path = AppDelegate.h; sourceTree = "<group>"; };
		1D3623250D0F684500981E51 /* AppDelegate.m */ = {isa = PBXFileReference; fileEncoding = 4; lastKnownFileType = sourcecode.c.objc; path = AppDelegate.m; sourceTree = "<group>"; };
		1D6058910D05DD3D006BFB54 /* MyMat - Light - Deutsch.app */ = {isa = PBXFileReference; explicitFileType = wrapper.application; includeInIndex = 0; path = "MyMat - Light - Deutsch.app"; sourceTree = BUILT_PRODUCTS_DIR; };
		29B97316FDCFA39411CA2CEA /* main.m */ = {isa = PBXFileReference; fileEncoding = 4; lastKnownFileType = sourcecode.c.objc; path = main.m; sourceTree = "<group>"; };
		301BF52D109A57CC0062928A /* CordovaLib.xcodeproj */ = {isa = PBXFileReference; lastKnownFileType = "wrapper.pb-project"; path = CordovaLib/CordovaLib.xcodeproj; sourceTree = "<group>"; };
		301BF56E109A69640062928A /* www */ = {isa = PBXFileReference; lastKnownFileType = folder; path = www; sourceTree = SOURCE_ROOT; };
		302D95EE14D2391D003F00A1 /* MainViewController.h */ = {isa = PBXFileReference; fileEncoding = 4; lastKnownFileType = sourcecode.c.h; path = MainViewController.h; sourceTree = "<group>"; };
		302D95EF14D2391D003F00A1 /* MainViewController.m */ = {isa = PBXFileReference; fileEncoding = 4; lastKnownFileType = sourcecode.c.objc; path = MainViewController.m; sourceTree = "<group>"; };
		302D95F014D2391D003F00A1 /* MainViewController.xib */ = {isa = PBXFileReference; fileEncoding = 4; lastKnownFileType = file.xib; path = MainViewController.xib; sourceTree = "<group>"; };
		3047A50F1AB8059700498E2A /* build-debug.xcconfig */ = {isa = PBXFileReference; fileEncoding = 4; lastKnownFileType = text.xcconfig; name = "build-debug.xcconfig"; path = cordova/build-debug.xcconfig; sourceTree = SOURCE_ROOT; };
		3047A5101AB8059700498E2A /* build-release.xcconfig */ = {isa = PBXFileReference; fileEncoding = 4; lastKnownFileType = text.xcconfig; name = "build-release.xcconfig"; path = cordova/build-release.xcconfig; sourceTree = SOURCE_ROOT; };
		3047A5111AB8059700498E2A /* build.xcconfig */ = {isa = PBXFileReference; fileEncoding = 4; lastKnownFileType = text.xcconfig; name = build.xcconfig; path = cordova/build.xcconfig; sourceTree = SOURCE_ROOT; };
		32CA4F630368D1EE00C91783 /* MyMat - Light - Deutsch-Prefix.pch */ = {isa = PBXFileReference; fileEncoding = 4; lastKnownFileType = sourcecode.c.h; path = "MyMat - Light - Deutsch-Prefix.pch"; sourceTree = "<group>"; };
		6AFF5BF81D6E424B00AB3073 /* CDVLaunchScreen.storyboard */ = {isa = PBXFileReference; fileEncoding = 4; lastKnownFileType = file.storyboard; name = CDVLaunchScreen.storyboard; path = "MyMat - Light - Deutsch/CDVLaunchScreen.storyboard"; sourceTree = SOURCE_ROOT; };
		8D1107310486CEB800E47090 /* MyMat - Light - Deutsch-Info.plist */ = {isa = PBXFileReference; fileEncoding = 4; lastKnownFileType = text.plist.xml; name = "MyMat - Light - Deutsch-Info.plist"; path = "MyMat - Light - Deutsch/MyMat - Light - Deutsch-Info.plist"; plistStructureDefinitionIdentifier = "com.apple.xcode.plist.structure-definition.iphone.info-plist"; sourceTree = SOURCE_ROOT; };
		EB87FDF31871DA8E0020F90C /* www */ = {isa = PBXFileReference; lastKnownFileType = folder; name = www; path = ../../www; sourceTree = "<group>"; };
		EB87FDF41871DAF40020F90C /* config.xml */ = {isa = PBXFileReference; lastKnownFileType = text.xml; name = config.xml; path = ../../config.xml; sourceTree = "<group>"; };
		F840E1F0165FE0F500CFE078 /* config.xml */ = {isa = PBXFileReference; lastKnownFileType = text.xml; name = config.xml; path = "MyMat - Light - Deutsch/config.xml"; sourceTree = "<group>"; };
		ED33DF2A687741AEAF9F8254 /* Bridging-Header.h */ = {isa = PBXFileReference; fileEncoding = 4; lastKnownFileType = sourcecode.c.h; name = "Bridging-Header.h"; path = "Bridging-Header.h"; sourceTree = "<group>"; };
		B7295834711F4B1CA6B62E88 /* CDVFile.m */ = {isa = PBXFileReference; name = "CDVFile.m"; path = "cordova-plugin-file/CDVFile.m"; sourceTree = "<group>"; fileEncoding = 4; lastKnownFileType = sourcecode.c.objc; explicitFileType = undefined; includeInIndex = 0; };
		78ED7213BEEC436A8627DF82 /* CDVLocalFilesystem.m */ = {isa = PBXFileReference; name = "CDVLocalFilesystem.m"; path = "cordova-plugin-file/CDVLocalFilesystem.m"; sourceTree = "<group>"; fileEncoding = 4; lastKnownFileType = sourcecode.c.objc; explicitFileType = undefined; includeInIndex = 0; };
		287360B4072E4BACBF4E91A5 /* CDVAssetLibraryFilesystem.m */ = {isa = PBXFileReference; name = "CDVAssetLibraryFilesystem.m"; path = "cordova-plugin-file/CDVAssetLibraryFilesystem.m"; sourceTree = "<group>"; fileEncoding = 4; lastKnownFileType = sourcecode.c.objc; explicitFileType = undefined; includeInIndex = 0; };
		749153694A4549DBB13942F9 /* CDVFile.h */ = {isa = PBXFileReference; name = "CDVFile.h"; path = "cordova-plugin-file/CDVFile.h"; sourceTree = "<group>"; fileEncoding = 4; lastKnownFileType = sourcecode.c.h; explicitFileType = undefined; includeInIndex = 0; };
		C78710AE869647F98C92A092 /* CDVLocalFilesystem.h */ = {isa = PBXFileReference; name = "CDVLocalFilesystem.h"; path = "cordova-plugin-file/CDVLocalFilesystem.h"; sourceTree = "<group>"; fileEncoding = 4; lastKnownFileType = sourcecode.c.h; explicitFileType = undefined; includeInIndex = 0; };
		98A6727E39A143E3893EE170 /* CDVAssetLibraryFilesystem.h */ = {isa = PBXFileReference; name = "CDVAssetLibraryFilesystem.h"; path = "cordova-plugin-file/CDVAssetLibraryFilesystem.h"; sourceTree = "<group>"; fileEncoding = 4; lastKnownFileType = sourcecode.c.h; explicitFileType = undefined; includeInIndex = 0; };
		CEBB194FAA294BC6AC1EA927 /* CordovaHttpPlugin.m */ = {isa = PBXFileReference; name = "CordovaHttpPlugin.m"; path = "cordova-plugin-advanced-http/CordovaHttpPlugin.m"; sourceTree = "<group>"; fileEncoding = 4; lastKnownFileType = sourcecode.c.objc; explicitFileType = undefined; includeInIndex = 0; };
		2B9C1D2140D545089C9B3924 /* TextResponseSerializer.m */ = {isa = PBXFileReference; name = "TextResponseSerializer.m"; path = "cordova-plugin-advanced-http/TextResponseSerializer.m"; sourceTree = "<group>"; fileEncoding = 4; lastKnownFileType = sourcecode.c.objc; explicitFileType = undefined; includeInIndex = 0; };
		548309C5CC4C49EF904B0011 /* TextRequestSerializer.m */ = {isa = PBXFileReference; name = "TextRequestSerializer.m"; path = "cordova-plugin-advanced-http/TextRequestSerializer.m"; sourceTree = "<group>"; fileEncoding = 4; lastKnownFileType = sourcecode.c.objc; explicitFileType = undefined; includeInIndex = 0; };
		5210E0EB86B249FFA71BD7AB /* AFHTTPSessionManager.m */ = {isa = PBXFileReference; name = "AFHTTPSessionManager.m"; path = "cordova-plugin-advanced-http/AFHTTPSessionManager.m"; sourceTree = "<group>"; fileEncoding = 4; lastKnownFileType = sourcecode.c.objc; explicitFileType = undefined; includeInIndex = 0; };
		3BD200781D0A4E7EB8F34021 /* AFNetworkReachabilityManager.m */ = {isa = PBXFileReference; name = "AFNetworkReachabilityManager.m"; path = "cordova-plugin-advanced-http/AFNetworkReachabilityManager.m"; sourceTree = "<group>"; fileEncoding = 4; lastKnownFileType = sourcecode.c.objc; explicitFileType = undefined; includeInIndex = 0; };
		284DD9D9902D4B7EA35A9ED3 /* AFSecurityPolicy.m */ = {isa = PBXFileReference; name = "AFSecurityPolicy.m"; path = "cordova-plugin-advanced-http/AFSecurityPolicy.m"; sourceTree = "<group>"; fileEncoding = 4; lastKnownFileType = sourcecode.c.objc; explicitFileType = undefined; includeInIndex = 0; };
		D189374428E84CF6A3406F47 /* AFURLRequestSerialization.m */ = {isa = PBXFileReference; name = "AFURLRequestSerialization.m"; path = "cordova-plugin-advanced-http/AFURLRequestSerialization.m"; sourceTree = "<group>"; fileEncoding = 4; lastKnownFileType = sourcecode.c.objc; explicitFileType = undefined; includeInIndex = 0; };
		B03816D9F9C8444D9D837014 /* AFURLResponseSerialization.m */ = {isa = PBXFileReference; name = "AFURLResponseSerialization.m"; path = "cordova-plugin-advanced-http/AFURLResponseSerialization.m"; sourceTree = "<group>"; fileEncoding = 4; lastKnownFileType = sourcecode.c.objc; explicitFileType = undefined; includeInIndex = 0; };
		899F8F828B284BBF9FD6FFB2 /* AFURLSessionManager.m */ = {isa = PBXFileReference; name = "AFURLSessionManager.m"; path = "cordova-plugin-advanced-http/AFURLSessionManager.m"; sourceTree = "<group>"; fileEncoding = 4; lastKnownFileType = sourcecode.c.objc; explicitFileType = undefined; includeInIndex = 0; };
		C334F0BBCB2D489EBA67ECDA /* SDNetworkActivityIndicator.m */ = {isa = PBXFileReference; name = "SDNetworkActivityIndicator.m"; path = "cordova-plugin-advanced-http/SDNetworkActivityIndicator.m"; sourceTree = "<group>"; fileEncoding = 4; lastKnownFileType = sourcecode.c.objc; explicitFileType = undefined; includeInIndex = 0; };
		30D13E649ADB4A9991C1A6A2 /* CordovaHttpPlugin.h */ = {isa = PBXFileReference; name = "CordovaHttpPlugin.h"; path = "cordova-plugin-advanced-http/CordovaHttpPlugin.h"; sourceTree = "<group>"; fileEncoding = 4; lastKnownFileType = sourcecode.c.h; explicitFileType = undefined; includeInIndex = 0; };
		8E296CFD9C99452C8D08EEEB /* TextResponseSerializer.h */ = {isa = PBXFileReference; name = "TextResponseSerializer.h"; path = "cordova-plugin-advanced-http/TextResponseSerializer.h"; sourceTree = "<group>"; fileEncoding = 4; lastKnownFileType = sourcecode.c.h; explicitFileType = undefined; includeInIndex = 0; };
		2A25FAD1C04747DD9F22F82B /* TextRequestSerializer.h */ = {isa = PBXFileReference; name = "TextRequestSerializer.h"; path = "cordova-plugin-advanced-http/TextRequestSerializer.h"; sourceTree = "<group>"; fileEncoding = 4; lastKnownFileType = sourcecode.c.h; explicitFileType = undefined; includeInIndex = 0; };
		CA584F69E76C47CDB72E771C /* AFHTTPSessionManager.h */ = {isa = PBXFileReference; name = "AFHTTPSessionManager.h"; path = "cordova-plugin-advanced-http/AFHTTPSessionManager.h"; sourceTree = "<group>"; fileEncoding = 4; lastKnownFileType = sourcecode.c.h; explicitFileType = undefined; includeInIndex = 0; };
		E81394B5B8224FB4B7308121 /* AFNetworking.h */ = {isa = PBXFileReference; name = "AFNetworking.h"; path = "cordova-plugin-advanced-http/AFNetworking.h"; sourceTree = "<group>"; fileEncoding = 4; lastKnownFileType = sourcecode.c.h; explicitFileType = undefined; includeInIndex = 0; };
		D726CC6CA3EF4561A59525AC /* AFNetworkReachabilityManager.h */ = {isa = PBXFileReference; name = "AFNetworkReachabilityManager.h"; path = "cordova-plugin-advanced-http/AFNetworkReachabilityManager.h"; sourceTree = "<group>"; fileEncoding = 4; lastKnownFileType = sourcecode.c.h; explicitFileType = undefined; includeInIndex = 0; };
		2734D8D5641741E291D6E086 /* AFSecurityPolicy.h */ = {isa = PBXFileReference; name = "AFSecurityPolicy.h"; path = "cordova-plugin-advanced-http/AFSecurityPolicy.h"; sourceTree = "<group>"; fileEncoding = 4; lastKnownFileType = sourcecode.c.h; explicitFileType = undefined; includeInIndex = 0; };
		45CB59C0C35B405B933613FE /* AFURLRequestSerialization.h */ = {isa = PBXFileReference; name = "AFURLRequestSerialization.h"; path = "cordova-plugin-advanced-http/AFURLRequestSerialization.h"; sourceTree = "<group>"; fileEncoding = 4; lastKnownFileType = sourcecode.c.h; explicitFileType = undefined; includeInIndex = 0; };
		0BA3F804064F408492366552 /* AFURLResponseSerialization.h */ = {isa = PBXFileReference; name = "AFURLResponseSerialization.h"; path = "cordova-plugin-advanced-http/AFURLResponseSerialization.h"; sourceTree = "<group>"; fileEncoding = 4; lastKnownFileType = sourcecode.c.h; explicitFileType = undefined; includeInIndex = 0; };
		0E25B634173347AB8856C080 /* AFURLSessionManager.h */ = {isa = PBXFileReference; name = "AFURLSessionManager.h"; path = "cordova-plugin-advanced-http/AFURLSessionManager.h"; sourceTree = "<group>"; fileEncoding = 4; lastKnownFileType = sourcecode.c.h; explicitFileType = undefined; includeInIndex = 0; };
		3A4AA57EA165404681827254 /* SDNetworkActivityIndicator.h */ = {isa = PBXFileReference; name = "SDNetworkActivityIndicator.h"; path = "cordova-plugin-advanced-http/SDNetworkActivityIndicator.h"; sourceTree = "<group>"; fileEncoding = 4; lastKnownFileType = sourcecode.c.h; explicitFileType = undefined; includeInIndex = 0; };
		69B86C1A348448A0854716A4 /* Security.framework */ = {isa = PBXFileReference; name = "Security.framework"; path = "System/Library/Frameworks/Security.framework"; sourceTree = SDKROOT; fileEncoding = undefined; lastKnownFileType = wrapper.framework; explicitFileType = undefined; includeInIndex = 0; };
		EF121470993D4479A18E3B44 /* SystemConfiguration.framework */ = {isa = PBXFileReference; name = "SystemConfiguration.framework"; path = "System/Library/Frameworks/SystemConfiguration.framework"; sourceTree = SDKROOT; fileEncoding = undefined; lastKnownFileType = wrapper.framework; explicitFileType = undefined; includeInIndex = 0; };
		2079C4DFC2404A488FA513AB /* APPBadge.m */ = {isa = PBXFileReference; name = "APPBadge.m"; path = "cordova-plugin-badge/APPBadge.m"; sourceTree = "<group>"; fileEncoding = 4; lastKnownFileType = sourcecode.c.objc; explicitFileType = undefined; includeInIndex = 0; };
		C44A6320C32A4C16BACA294F /* APPBadge.h */ = {isa = PBXFileReference; name = "APPBadge.h"; path = "cordova-plugin-badge/APPBadge.h"; sourceTree = "<group>"; fileEncoding = 4; lastKnownFileType = sourcecode.c.h; explicitFileType = undefined; includeInIndex = 0; };
		1667B09B6A8442208328D675 /* DatePicker.m */ = {isa = PBXFileReference; name = "DatePicker.m"; path = "cordova-plugin-datepicker/DatePicker.m"; sourceTree = "<group>"; fileEncoding = 4; lastKnownFileType = sourcecode.c.objc; explicitFileType = undefined; includeInIndex = 0; };
		071D64010B41492D9D3625C7 /* DatePicker.h */ = {isa = PBXFileReference; name = "DatePicker.h"; path = "cordova-plugin-datepicker/DatePicker.h"; sourceTree = "<group>"; fileEncoding = 4; lastKnownFileType = sourcecode.c.h; explicitFileType = undefined; includeInIndex = 0; };
		2C901C10F2684D51A216B97E /* DatePicker.xib */ = {isa = PBXFileReference; name = "DatePicker.xib"; path = "DatePicker.xib"; sourceTree = "<group>"; fileEncoding = undefined; lastKnownFileType = file.xib; explicitFileType = undefined; includeInIndex = 0; };
		F38A2B4C4D8A4D2283C3F611 /* CDVDevice.m */ = {isa = PBXFileReference; name = "CDVDevice.m"; path = "cordova-plugin-device/CDVDevice.m"; sourceTree = "<group>"; fileEncoding = 4; lastKnownFileType = sourcecode.c.objc; explicitFileType = undefined; includeInIndex = 0; };
		8CBAFF5A09E14EC499F5D8B3 /* CDVDevice.h */ = {isa = PBXFileReference; name = "CDVDevice.h"; path = "cordova-plugin-device/CDVDevice.h"; sourceTree = "<group>"; fileEncoding = 4; lastKnownFileType = sourcecode.c.h; explicitFileType = undefined; includeInIndex = 0; };
		2A4B2E83473F411F987AF65F /* libz.tbd */ = {isa = PBXFileReference; name = "libz.tbd"; path = "usr/lib/libz.tbd"; sourceTree = SDKROOT; fileEncoding = undefined; lastKnownFileType = sourcecode.text-based-dylib-definition; explicitFileType = undefined; includeInIndex = 0; };
		8A3D29CB8A7343E1BF46FEAC /* APPEmailComposer.m */ = {isa = PBXFileReference; name = "APPEmailComposer.m"; path = "cordova-plugin-email-composer/APPEmailComposer.m"; sourceTree = "<group>"; fileEncoding = 4; lastKnownFileType = sourcecode.c.objc; explicitFileType = undefined; includeInIndex = 0; };
		DD1ACA4A58A9443696A27DE9 /* APPEmailComposerImpl.m */ = {isa = PBXFileReference; name = "APPEmailComposerImpl.m"; path = "cordova-plugin-email-composer/APPEmailComposerImpl.m"; sourceTree = "<group>"; fileEncoding = 4; lastKnownFileType = sourcecode.c.objc; explicitFileType = undefined; includeInIndex = 0; };
		664F8F41BFEE4EC8ACA202A8 /* APPEmailComposer.h */ = {isa = PBXFileReference; name = "APPEmailComposer.h"; path = "cordova-plugin-email-composer/APPEmailComposer.h"; sourceTree = "<group>"; fileEncoding = 4; lastKnownFileType = sourcecode.c.h; explicitFileType = undefined; includeInIndex = 0; };
		C2762F936F2F40B497E0DD99 /* APPEmailComposerImpl.h */ = {isa = PBXFileReference; name = "APPEmailComposerImpl.h"; path = "cordova-plugin-email-composer/APPEmailComposerImpl.h"; sourceTree = "<group>"; fileEncoding = 4; lastKnownFileType = sourcecode.c.h; explicitFileType = undefined; includeInIndex = 0; };
		5B5EB52505124A67B2831602 /* MessageUI.framework */ = {isa = PBXFileReference; name = "MessageUI.framework"; path = "System/Library/Frameworks/MessageUI.framework"; sourceTree = SDKROOT; fileEncoding = undefined; lastKnownFileType = wrapper.framework; explicitFileType = undefined; includeInIndex = 0; };
		BC7F5B5CE78A4DC7964CA9CC /* APPLocalNotification.m */ = {isa = PBXFileReference; name = "APPLocalNotification.m"; path = "cordova-plugin-local-notification/APPLocalNotification.m"; sourceTree = "<group>"; fileEncoding = 4; lastKnownFileType = sourcecode.c.objc; explicitFileType = undefined; includeInIndex = 0; };
		5A0CA799BE644979A00DFB6F /* APPNotificationContent.m */ = {isa = PBXFileReference; name = "APPNotificationContent.m"; path = "cordova-plugin-local-notification/APPNotificationContent.m"; sourceTree = "<group>"; fileEncoding = 4; lastKnownFileType = sourcecode.c.objc; explicitFileType = undefined; includeInIndex = 0; };
		2266A2F1A691451198CF3222 /* APPNotificationOptions.m */ = {isa = PBXFileReference; name = "APPNotificationOptions.m"; path = "cordova-plugin-local-notification/APPNotificationOptions.m"; sourceTree = "<group>"; fileEncoding = 4; lastKnownFileType = sourcecode.c.objc; explicitFileType = undefined; includeInIndex = 0; };
		BA82BA2451694C5B80AF65C1 /* UNUserNotificationCenter+APPLocalNotification.m */ = {isa = PBXFileReference; name = "UNUserNotificationCenter+APPLocalNotification.m"; path = "cordova-plugin-local-notification/UNUserNotificationCenter+APPLocalNotification.m"; sourceTree = "<group>"; fileEncoding = 4; lastKnownFileType = sourcecode.c.objc; explicitFileType = undefined; includeInIndex = 0; };
		36B108286C624B0FA86C2D5F /* UNNotificationRequest+APPLocalNotification.m */ = {isa = PBXFileReference; name = "UNNotificationRequest+APPLocalNotification.m"; path = "cordova-plugin-local-notification/UNNotificationRequest+APPLocalNotification.m"; sourceTree = "<group>"; fileEncoding = 4; lastKnownFileType = sourcecode.c.objc; explicitFileType = undefined; includeInIndex = 0; };
		AF7E28698AAD4DFBA303080D /* APPLocalNotification.h */ = {isa = PBXFileReference; name = "APPLocalNotification.h"; path = "cordova-plugin-local-notification/APPLocalNotification.h"; sourceTree = "<group>"; fileEncoding = 4; lastKnownFileType = sourcecode.c.h; explicitFileType = undefined; includeInIndex = 0; };
		E48326B081C34F3799952963 /* APPNotificationContent.h */ = {isa = PBXFileReference; name = "APPNotificationContent.h"; path = "cordova-plugin-local-notification/APPNotificationContent.h"; sourceTree = "<group>"; fileEncoding = 4; lastKnownFileType = sourcecode.c.h; explicitFileType = undefined; includeInIndex = 0; };
		11C07B88D8C84DAC982D74C0 /* APPNotificationOptions.h */ = {isa = PBXFileReference; name = "APPNotificationOptions.h"; path = "cordova-plugin-local-notification/APPNotificationOptions.h"; sourceTree = "<group>"; fileEncoding = 4; lastKnownFileType = sourcecode.c.h; explicitFileType = undefined; includeInIndex = 0; };
		E5EB5A0B95B34AEFBCAEBDD8 /* UNUserNotificationCenter+APPLocalNotification.h */ = {isa = PBXFileReference; name = "UNUserNotificationCenter+APPLocalNotification.h"; path = "cordova-plugin-local-notification/UNUserNotificationCenter+APPLocalNotification.h"; sourceTree = "<group>"; fileEncoding = 4; lastKnownFileType = sourcecode.c.h; explicitFileType = undefined; includeInIndex = 0; };
		53AED82C103F423E834D33DF /* UNNotificationRequest+APPLocalNotification.h */ = {isa = PBXFileReference; name = "UNNotificationRequest+APPLocalNotification.h"; path = "cordova-plugin-local-notification/UNNotificationRequest+APPLocalNotification.h"; sourceTree = "<group>"; fileEncoding = 4; lastKnownFileType = sourcecode.c.h; explicitFileType = undefined; includeInIndex = 0; };
		C4BA5883FD6B448A9D74C6CC /* UserNotifications.framework */ = {isa = PBXFileReference; name = "UserNotifications.framework"; path = "System/Library/Frameworks/UserNotifications.framework"; sourceTree = SDKROOT; fileEncoding = undefined; lastKnownFileType = wrapper.framework; explicitFileType = undefined; includeInIndex = 0; };
		64E6A59DE6E24134B9F99E19 /* CoreLocation.framework */ = {isa = PBXFileReference; name = "CoreLocation.framework"; path = "System/Library/Frameworks/CoreLocation.framework"; sourceTree = SDKROOT; fileEncoding = undefined; lastKnownFileType = wrapper.framework; explicitFileType = undefined; includeInIndex = 0; };
		B99FE57C3D544374AC67907E /* CDVConnection.m */ = {isa = PBXFileReference; name = "CDVConnection.m"; path = "cordova-plugin-network-information/CDVConnection.m"; sourceTree = "<group>"; fileEncoding = 4; lastKnownFileType = sourcecode.c.objc; explicitFileType = undefined; includeInIndex = 0; };
		3C80B81D818D4D028140D11D /* CDVReachability.m */ = {isa = PBXFileReference; name = "CDVReachability.m"; path = "cordova-plugin-network-information/CDVReachability.m"; sourceTree = "<group>"; fileEncoding = 4; lastKnownFileType = sourcecode.c.objc; explicitFileType = undefined; includeInIndex = 0; };
		E5ACD09F72D245B7866B8DC9 /* CDVConnection.h */ = {isa = PBXFileReference; name = "CDVConnection.h"; path = "cordova-plugin-network-information/CDVConnection.h"; sourceTree = "<group>"; fileEncoding = 4; lastKnownFileType = sourcecode.c.h; explicitFileType = undefined; includeInIndex = 0; };
		C9A7F65735D2408B90B95CF6 /* CDVReachability.h */ = {isa = PBXFileReference; name = "CDVReachability.h"; path = "cordova-plugin-network-information/CDVReachability.h"; sourceTree = "<group>"; fileEncoding = 4; lastKnownFileType = sourcecode.c.h; explicitFileType = undefined; includeInIndex = 0; };
		AB6643210E0C48ED815082A8 /* CoreTelephony.framework */ = {isa = PBXFileReference; name = "CoreTelephony.framework"; path = "System/Library/Frameworks/CoreTelephony.framework"; sourceTree = SDKROOT; fileEncoding = undefined; lastKnownFileType = wrapper.framework; explicitFileType = undefined; includeInIndex = 0; };
		A02F202F23E54385902ED477 /* CDVNetworkInterface.m */ = {isa = PBXFileReference; name = "CDVNetworkInterface.m"; path = "cordova-plugin-networkinterface/CDVNetworkInterface.m"; sourceTree = "<group>"; fileEncoding = 4; lastKnownFileType = sourcecode.c.objc; explicitFileType = undefined; includeInIndex = 0; };
		D573464A57254990AB2FB320 /* CDVNetworkInterface.h */ = {isa = PBXFileReference; name = "CDVNetworkInterface.h"; path = "cordova-plugin-networkinterface/CDVNetworkInterface.h"; sourceTree = "<group>"; fileEncoding = 4; lastKnownFileType = sourcecode.c.h; explicitFileType = undefined; includeInIndex = 0; };
		DE7341137BC84C8EBEAEDBEA /* CDVSplashScreen.m */ = {isa = PBXFileReference; name = "CDVSplashScreen.m"; path = "cordova-plugin-splashscreen/CDVSplashScreen.m"; sourceTree = "<group>"; fileEncoding = 4; lastKnownFileType = sourcecode.c.objc; explicitFileType = undefined; includeInIndex = 0; };
		F2DB27AF2FD340B0961DB6C9 /* CDVViewController+SplashScreen.m */ = {isa = PBXFileReference; name = "CDVViewController+SplashScreen.m"; path = "cordova-plugin-splashscreen/CDVViewController+SplashScreen.m"; sourceTree = "<group>"; fileEncoding = 4; lastKnownFileType = sourcecode.c.objc; explicitFileType = undefined; includeInIndex = 0; };
		978D53A823024C589E624E95 /* CDVSplashScreen.h */ = {isa = PBXFileReference; name = "CDVSplashScreen.h"; path = "cordova-plugin-splashscreen/CDVSplashScreen.h"; sourceTree = "<group>"; fileEncoding = 4; lastKnownFileType = sourcecode.c.h; explicitFileType = undefined; includeInIndex = 0; };
		1480A1B6DD714642BE036AAC /* CDVViewController+SplashScreen.h */ = {isa = PBXFileReference; name = "CDVViewController+SplashScreen.h"; path = "cordova-plugin-splashscreen/CDVViewController+SplashScreen.h"; sourceTree = "<group>"; fileEncoding = 4; lastKnownFileType = sourcecode.c.h; explicitFileType = undefined; includeInIndex = 0; };
		ACC13956B52E427BBFCF7674 /* IonicKeyboard.m */ = {isa = PBXFileReference; name = "IonicKeyboard.m"; path = "ionic-plugin-keyboard/IonicKeyboard.m"; sourceTree = "<group>"; fileEncoding = 4; lastKnownFileType = sourcecode.c.objc; explicitFileType = undefined; includeInIndex = 0; };
		EAEA71DA37594F159736BBD4 /* IonicKeyboard.h */ = {isa = PBXFileReference; name = "IonicKeyboard.h"; path = "ionic-plugin-keyboard/IonicKeyboard.h"; sourceTree = "<group>"; fileEncoding = 4; lastKnownFileType = sourcecode.c.h; explicitFileType = undefined; includeInIndex = 0; };
/* End PBXFileReference section */

/* Begin PBXFrameworksBuildPhase section */
		1D60588F0D05DD3D006BFB54 /* Frameworks */ = {
			isa = PBXFrameworksBuildPhase;
			buildActionMask = 2147483647;
			files = (
				301BF552109A68D80062928A /* libCordova.a in Frameworks */,
				0DB5079E112841B098063E64 /* Security.framework in Frameworks */,
				68352BACD9774754991D6F98 /* SystemConfiguration.framework in Frameworks */,
				7121921AFC8D4824855575C7 /* libz.tbd in Frameworks */,
				05A54AF7B8084AE58DD8CDD0 /* MessageUI.framework in Frameworks */,
				8540CF5717AB45B9A3C6DA8D /* UserNotifications.framework in Frameworks */,
				A03FC56B87434B849B2422E7 /* CoreLocation.framework in Frameworks */,
				78EED71C6EE045EEBA851081 /* CoreTelephony.framework in Frameworks */,
			);
			runOnlyForDeploymentPostprocessing = 0;
		};
/* End PBXFrameworksBuildPhase section */

/* Begin PBXGroup section */
		080E96DDFE201D6D7F000001 /* Classes */ = {
			isa = PBXGroup;
			children = (
				302D95EE14D2391D003F00A1 /* MainViewController.h */,
				302D95EF14D2391D003F00A1 /* MainViewController.m */,
				302D95F014D2391D003F00A1 /* MainViewController.xib */,
				1D3623240D0F684500981E51 /* AppDelegate.h */,
				1D3623250D0F684500981E51 /* AppDelegate.m */,
			);
			name = Classes;
			path = "MyMat - Light - Deutsch/Classes";
			sourceTree = SOURCE_ROOT;
		};
		19C28FACFE9D520D11CA2CBB /* Products */ = {
			isa = PBXGroup;
			children = (
				1D6058910D05DD3D006BFB54 /* MyMat - Light - Deutsch.app */,
			);
			name = Products;
			sourceTree = "<group>";
		};
		29B97314FDCFA39411CA2CEA /* CustomTemplate */ = {
			isa = PBXGroup;
			children = (
				EB87FDF41871DAF40020F90C /* config.xml */,
				EB87FDF31871DA8E0020F90C /* www */,
				EB87FDF11871DA420020F90C /* Staging */,
				301BF52D109A57CC0062928A /* CordovaLib.xcodeproj */,
				080E96DDFE201D6D7F000001 /* Classes */,
				307C750510C5A3420062BCA9 /* Plugins */,
				29B97315FDCFA39411CA2CEA /* Other Sources */,
				29B97317FDCFA39411CA2CEA /* Resources */,
				29B97323FDCFA39411CA2CEA /* Frameworks */,
				19C28FACFE9D520D11CA2CBB /* Products */,
			);
			name = CustomTemplate;
			sourceTree = "<group>";
		};
		29B97315FDCFA39411CA2CEA /* Other Sources */ = {
			isa = PBXGroup;
			children = (
				32CA4F630368D1EE00C91783 /* MyMat - Light - Deutsch-Prefix.pch */,
				29B97316FDCFA39411CA2CEA /* main.m */,
				ED33DF2A687741AEAF9F8254 /* Bridging-Header.h */,
			);
			name = "Other Sources";
			path = "MyMat - Light - Deutsch";
			sourceTree = "<group>";
		};
		29B97317FDCFA39411CA2CEA /* Resources */ = {
			isa = PBXGroup;
			children = (
				0207DA571B56EA530066E2B4 /* Images.xcassets */,
				3047A50E1AB8057F00498E2A /* config */,
				8D1107310486CEB800E47090 /* MyMat - Light - Deutsch-Info.plist */,
				6AFF5BF81D6E424B00AB3073 /* CDVLaunchScreen.storyboard */,
				2C901C10F2684D51A216B97E /* DatePicker.xib */,
			);
			name = Resources;
			path = "MyMat - Light - Deutsch/Resources";
			sourceTree = "<group>";
		};
		29B97323FDCFA39411CA2CEA /* Frameworks */ = {
			isa = PBXGroup;
			children = (
				69B86C1A348448A0854716A4 /* Security.framework */,
				EF121470993D4479A18E3B44 /* SystemConfiguration.framework */,
				2A4B2E83473F411F987AF65F /* libz.tbd */,
				5B5EB52505124A67B2831602 /* MessageUI.framework */,
				C4BA5883FD6B448A9D74C6CC /* UserNotifications.framework */,
				64E6A59DE6E24134B9F99E19 /* CoreLocation.framework */,
				AB6643210E0C48ED815082A8 /* CoreTelephony.framework */,
			);
			name = Frameworks;
			sourceTree = "<group>";
		};
		301BF52E109A57CC0062928A /* Products */ = {
			isa = PBXGroup;
			children = (
				301BF535109A57CC0062928A /* libCordova.a */,
			);
			name = Products;
			sourceTree = "<group>";
		};
		3047A50E1AB8057F00498E2A /* config */ = {
			isa = PBXGroup;
			children = (
				3047A50F1AB8059700498E2A /* build-debug.xcconfig */,
				3047A5101AB8059700498E2A /* build-release.xcconfig */,
				3047A5111AB8059700498E2A /* build.xcconfig */,
			);
			name = config;
			sourceTree = "<group>";
		};
		307C750510C5A3420062BCA9 /* Plugins */ = {
			isa = PBXGroup;
			children = (
				B7295834711F4B1CA6B62E88 /* CDVFile.m */,
				78ED7213BEEC436A8627DF82 /* CDVLocalFilesystem.m */,
				287360B4072E4BACBF4E91A5 /* CDVAssetLibraryFilesystem.m */,
				749153694A4549DBB13942F9 /* CDVFile.h */,
				C78710AE869647F98C92A092 /* CDVLocalFilesystem.h */,
				98A6727E39A143E3893EE170 /* CDVAssetLibraryFilesystem.h */,
				CEBB194FAA294BC6AC1EA927 /* CordovaHttpPlugin.m */,
				2B9C1D2140D545089C9B3924 /* TextResponseSerializer.m */,
				548309C5CC4C49EF904B0011 /* TextRequestSerializer.m */,
				5210E0EB86B249FFA71BD7AB /* AFHTTPSessionManager.m */,
				3BD200781D0A4E7EB8F34021 /* AFNetworkReachabilityManager.m */,
				284DD9D9902D4B7EA35A9ED3 /* AFSecurityPolicy.m */,
				D189374428E84CF6A3406F47 /* AFURLRequestSerialization.m */,
				B03816D9F9C8444D9D837014 /* AFURLResponseSerialization.m */,
				899F8F828B284BBF9FD6FFB2 /* AFURLSessionManager.m */,
				C334F0BBCB2D489EBA67ECDA /* SDNetworkActivityIndicator.m */,
				30D13E649ADB4A9991C1A6A2 /* CordovaHttpPlugin.h */,
				8E296CFD9C99452C8D08EEEB /* TextResponseSerializer.h */,
				2A25FAD1C04747DD9F22F82B /* TextRequestSerializer.h */,
				CA584F69E76C47CDB72E771C /* AFHTTPSessionManager.h */,
				E81394B5B8224FB4B7308121 /* AFNetworking.h */,
				D726CC6CA3EF4561A59525AC /* AFNetworkReachabilityManager.h */,
				2734D8D5641741E291D6E086 /* AFSecurityPolicy.h */,
				45CB59C0C35B405B933613FE /* AFURLRequestSerialization.h */,
				0BA3F804064F408492366552 /* AFURLResponseSerialization.h */,
				0E25B634173347AB8856C080 /* AFURLSessionManager.h */,
				3A4AA57EA165404681827254 /* SDNetworkActivityIndicator.h */,
				2079C4DFC2404A488FA513AB /* APPBadge.m */,
				C44A6320C32A4C16BACA294F /* APPBadge.h */,
				1667B09B6A8442208328D675 /* DatePicker.m */,
				071D64010B41492D9D3625C7 /* DatePicker.h */,
				F38A2B4C4D8A4D2283C3F611 /* CDVDevice.m */,
				8CBAFF5A09E14EC499F5D8B3 /* CDVDevice.h */,
				8A3D29CB8A7343E1BF46FEAC /* APPEmailComposer.m */,
				DD1ACA4A58A9443696A27DE9 /* APPEmailComposerImpl.m */,
				664F8F41BFEE4EC8ACA202A8 /* APPEmailComposer.h */,
				C2762F936F2F40B497E0DD99 /* APPEmailComposerImpl.h */,
				BC7F5B5CE78A4DC7964CA9CC /* APPLocalNotification.m */,
				5A0CA799BE644979A00DFB6F /* APPNotificationContent.m */,
				2266A2F1A691451198CF3222 /* APPNotificationOptions.m */,
				BA82BA2451694C5B80AF65C1 /* UNUserNotificationCenter+APPLocalNotification.m */,
				36B108286C624B0FA86C2D5F /* UNNotificationRequest+APPLocalNotification.m */,
				AF7E28698AAD4DFBA303080D /* APPLocalNotification.h */,
				E48326B081C34F3799952963 /* APPNotificationContent.h */,
				11C07B88D8C84DAC982D74C0 /* APPNotificationOptions.h */,
				E5EB5A0B95B34AEFBCAEBDD8 /* UNUserNotificationCenter+APPLocalNotification.h */,
				53AED82C103F423E834D33DF /* UNNotificationRequest+APPLocalNotification.h */,
				B99FE57C3D544374AC67907E /* CDVConnection.m */,
				3C80B81D818D4D028140D11D /* CDVReachability.m */,
				E5ACD09F72D245B7866B8DC9 /* CDVConnection.h */,
				C9A7F65735D2408B90B95CF6 /* CDVReachability.h */,
				A02F202F23E54385902ED477 /* CDVNetworkInterface.m */,
				D573464A57254990AB2FB320 /* CDVNetworkInterface.h */,
				DE7341137BC84C8EBEAEDBEA /* CDVSplashScreen.m */,
				F2DB27AF2FD340B0961DB6C9 /* CDVViewController+SplashScreen.m */,
				978D53A823024C589E624E95 /* CDVSplashScreen.h */,
				1480A1B6DD714642BE036AAC /* CDVViewController+SplashScreen.h */,
				ACC13956B52E427BBFCF7674 /* IonicKeyboard.m */,
				EAEA71DA37594F159736BBD4 /* IonicKeyboard.h */,
			);
			name = Plugins;
			path = "MyMat - Light - Deutsch/Plugins";
			sourceTree = SOURCE_ROOT;
		};
		EB87FDF11871DA420020F90C /* Staging */ = {
			isa = PBXGroup;
			children = (
				F840E1F0165FE0F500CFE078 /* config.xml */,
				301BF56E109A69640062928A /* www */,
			);
			name = Staging;
			sourceTree = "<group>";
		};
/* End PBXGroup section */

/* Begin PBXNativeTarget section */
		1D6058900D05DD3D006BFB54 /* MyMat - Light - Deutsch */ = {
			isa = PBXNativeTarget;
			buildConfigurationList = 1D6058960D05DD3E006BFB54 /* Build configuration list for PBXNativeTarget "MyMat - Light - Deutsch" */;
			buildPhases = (
				304B58A110DAC018002A0835 /* Copy www directory */,
				1D60588D0D05DD3D006BFB54 /* Resources */,
				1D60588E0D05DD3D006BFB54 /* Sources */,
				1D60588F0D05DD3D006BFB54 /* Frameworks */,
			);
			buildRules = (
			);
			dependencies = (
				301BF551109A68C00062928A /* PBXTargetDependency */,
			);
			name = "MyMat - Light - Deutsch";
			productName = "MyMat - Light - Deutsch";
			productReference = 1D6058910D05DD3D006BFB54 /* MyMat - Light - Deutsch.app */;
			productType = "com.apple.product-type.application";
		};
/* End PBXNativeTarget section */

/* Begin PBXProject section */
		29B97313FDCFA39411CA2CEA /* Project object */ = {
			isa = PBXProject;
			attributes = {
				LastUpgradeCheck = 510;
			};
			buildConfigurationList = C01FCF4E08A954540054247B /* Build configuration list for PBXProject "__NON-CLI__" */;
			compatibilityVersion = "Xcode 3.2";
			developmentRegion = English;
			hasScannedForEncodings = 1;
			mainGroup = 29B97314FDCFA39411CA2CEA /* CustomTemplate */;
			projectDirPath = "";
			projectReferences = (
				{
					ProductGroup = 301BF52E109A57CC0062928A /* Products */;
					ProjectRef = 301BF52D109A57CC0062928A /* CordovaLib.xcodeproj */;
				},
			);
			projectRoot = "";
			targets = (
				1D6058900D05DD3D006BFB54 /* MyMat - Light - Deutsch */,
			);
		};
/* End PBXProject section */

/* Begin PBXReferenceProxy section */
		301BF535109A57CC0062928A /* libCordova.a */ = {
			isa = PBXReferenceProxy;
			fileType = archive.ar;
			path = libCordova.a;
			remoteRef = 301BF534109A57CC0062928A /* PBXContainerItemProxy */;
			sourceTree = BUILT_PRODUCTS_DIR;
		};
/* End PBXReferenceProxy section */

/* Begin PBXResourcesBuildPhase section */
		1D60588D0D05DD3D006BFB54 /* Resources */ = {
			isa = PBXResourcesBuildPhase;
			buildActionMask = 2147483647;
			files = (
				302D95F214D2391D003F00A1 /* MainViewController.xib in Resources */,
				0207DA581B56EA530066E2B4 /* Images.xcassets in Resources */,
				6AFF5BF91D6E424B00AB3073 /* CDVLaunchScreen.storyboard in Resources */,
				331C0C5828C24CACA29089A7 /* DatePicker.xib in Resources */,
			);
			runOnlyForDeploymentPostprocessing = 0;
		};
/* End PBXResourcesBuildPhase section */

/* Begin PBXShellScriptBuildPhase section */
		304B58A110DAC018002A0835 /* Copy www directory */ = {
			isa = PBXShellScriptBuildPhase;
			buildActionMask = 2147483647;
			files = (
			);
			inputPaths = (
			);
			name = "Copy www directory";
			outputPaths = (
			);
			runOnlyForDeploymentPostprocessing = 0;
			shellPath = /bin/sh;
			shellScript = "NODEJS_PATH=/usr/local/bin; NVM_NODE_PATH=~/.nvm/versions/node/`nvm version 2>/dev/null`/bin; N_NODE_PATH=`find /usr/local/n/versions/node/* -maxdepth 0 -type d 2>/dev/null | tail -1`/bin; XCODE_NODE_PATH=`xcode-select --print-path`/usr/share/xcs/Node/bin; PATH=$NODEJS_PATH:$NVM_NODE_PATH:$N_NODE_PATH:$XCODE_NODE_PATH:$PATH && node cordova/lib/copy-www-build-step.js";
			showEnvVarsInLog = 0;
		};
/* End PBXShellScriptBuildPhase section */

/* Begin PBXSourcesBuildPhase section */
		1D60588E0D05DD3D006BFB54 /* Sources */ = {
			isa = PBXSourcesBuildPhase;
			buildActionMask = 2147483647;
			files = (
				1D60589B0D05DD56006BFB54 /* main.m in Sources */,
				1D3623260D0F684500981E51 /* AppDelegate.m in Sources */,
				302D95F114D2391D003F00A1 /* MainViewController.m in Sources */,
				C1A6FD32AF52459C958F17BA /* CDVFile.m in Sources */,
				68FD671E38C24EEF8774DAA0 /* CDVLocalFilesystem.m in Sources */,
				F06E9B637F5347FCA0FB35CF /* CDVAssetLibraryFilesystem.m in Sources */,
				7141B44011664F43A2CFD23C /* CordovaHttpPlugin.m in Sources */,
				5CC4573E170E40B8B422789C /* TextResponseSerializer.m in Sources */,
				79BA2A7C1AA349B18BB961F2 /* TextRequestSerializer.m in Sources */,
				ED76D15B07A343F7BB5BF760 /* AFHTTPSessionManager.m in Sources */,
				E03B219C549D4AA2BDF4B73D /* AFNetworkReachabilityManager.m in Sources */,
				90BC7E91EB7D4EE49C50DA72 /* AFSecurityPolicy.m in Sources */,
				BEC824DD218B4BB094332018 /* AFURLRequestSerialization.m in Sources */,
				CEFA5B8A5B924FE0AD6CB7A5 /* AFURLResponseSerialization.m in Sources */,
				2B8F69BE5D3147F9B659B841 /* AFURLSessionManager.m in Sources */,
				A8E3BAF37ACA42088EAEB209 /* SDNetworkActivityIndicator.m in Sources */,
				2D0FF12F7C0D448AB0549407 /* APPBadge.m in Sources */,
				68DC1B189DEE4432B4CD2866 /* DatePicker.m in Sources */,
				13E13A49600D476D930902EF /* CDVDevice.m in Sources */,
				36CE9C1AAC5748C2A2CD294E /* APPEmailComposer.m in Sources */,
				20EE33421FE7486CA21F3141 /* APPEmailComposerImpl.m in Sources */,
				F582D46F2F7D416E93BA83E5 /* APPLocalNotification.m in Sources */,
				CF3FE328FF564D1C9268515B /* APPNotificationContent.m in Sources */,
				1A99C0A73B5D4C4AA2DBBAE8 /* APPNotificationOptions.m in Sources */,
				804D2F9D293F459F82338BF8 /* UNUserNotificationCenter+APPLocalNotification.m in Sources */,
				5F7A1478191244ECAB260B1D /* UNNotificationRequest+APPLocalNotification.m in Sources */,
				DFC812DFD3804CD48624A21A /* CDVConnection.m in Sources */,
				0A9A5F5866FD4BA1A4298E85 /* CDVReachability.m in Sources */,
				2B70C6B04904440C9CBFC4EF /* CDVNetworkInterface.m in Sources */,
				3FE879F94E33466E927ADDFE /* CDVSplashScreen.m in Sources */,
				73FEC84D839D461788DFCFF5 /* CDVViewController+SplashScreen.m in Sources */,
				0FC02F95E6DE4D3A8D1B337D /* IonicKeyboard.m in Sources */,
			);
			runOnlyForDeploymentPostprocessing = 0;
		};
/* End PBXSourcesBuildPhase section */

/* Begin PBXTargetDependency section */
		301BF551109A68C00062928A /* PBXTargetDependency */ = {
			isa = PBXTargetDependency;
			name = CordovaLib;
			targetProxy = 301BF550109A68C00062928A /* PBXContainerItemProxy */;
		};
/* End PBXTargetDependency section */

/* Begin XCBuildConfiguration section */
		1D6058940D05DD3E006BFB54 /* Debug */ = {
			isa = XCBuildConfiguration;
			baseConfigurationReference = 3047A50F1AB8059700498E2A /* build-debug.xcconfig */;
			buildSettings = {
				ALWAYS_SEARCH_USER_PATHS = NO;
				ASSETCATALOG_COMPILER_APPICON_NAME = AppIcon;
				ASSETCATALOG_COMPILER_LAUNCHIMAGE_NAME = LaunchImage;
				CLANG_ENABLE_MODULES = YES;
				CLANG_ENABLE_OBJC_ARC = YES;
				COPY_PHASE_STRIP = NO;
				GCC_DYNAMIC_NO_PIC = NO;
				GCC_OPTIMIZATION_LEVEL = 0;
				GCC_PRECOMPILE_PREFIX_HEADER = YES;
				GCC_PREFIX_HEADER = "MyMat - Light - Deutsch/MyMat - Light - Deutsch-Prefix.pch";
				GCC_THUMB_SUPPORT = NO;
				GCC_VERSION = "";
				INFOPLIST_FILE = "MyMat - Light - Deutsch/MyMat - Light - Deutsch-Info.plist";
				IPHONEOS_DEPLOYMENT_TARGET = 7.0;
				LD_RUNPATH_SEARCH_PATHS = "@executable_path/Frameworks";
				TARGETED_DEVICE_FAMILY = "1,2";
				PRODUCT_NAME = "MyMat - Light - Deutsch";
			};
			name = Debug;
		};
		1D6058950D05DD3E006BFB54 /* Release */ = {
			isa = XCBuildConfiguration;
			baseConfigurationReference = 3047A5101AB8059700498E2A /* build-release.xcconfig */;
			buildSettings = {
				ALWAYS_SEARCH_USER_PATHS = NO;
				ASSETCATALOG_COMPILER_APPICON_NAME = AppIcon;
				ASSETCATALOG_COMPILER_LAUNCHIMAGE_NAME = LaunchImage;
				CLANG_ENABLE_MODULES = YES;
				CLANG_ENABLE_OBJC_ARC = YES;
				COPY_PHASE_STRIP = YES;
				GCC_PRECOMPILE_PREFIX_HEADER = YES;
				GCC_PREFIX_HEADER = "MyMat - Light - Deutsch/MyMat - Light - Deutsch-Prefix.pch";
				GCC_THUMB_SUPPORT = NO;
				GCC_VERSION = "";
				INFOPLIST_FILE = "MyMat - Light - Deutsch/MyMat - Light - Deutsch-Info.plist";
				IPHONEOS_DEPLOYMENT_TARGET = 7.0;
				LD_RUNPATH_SEARCH_PATHS = "@executable_path/Frameworks";
				TARGETED_DEVICE_FAMILY = "1,2";
				PRODUCT_NAME = "MyMat - Light - Deutsch";
			};
			name = Release;
		};
		C01FCF4F08A954540054247B /* Debug */ = {
			isa = XCBuildConfiguration;
			baseConfigurationReference = 3047A5111AB8059700498E2A /* build.xcconfig */;
			buildSettings = {
				CLANG_ENABLE_MODULES = YES;
				CLANG_ENABLE_OBJC_ARC = YES;
				CLANG_WARN_BOOL_CONVERSION = YES;
				CLANG_WARN_CONSTANT_CONVERSION = YES;
				CLANG_WARN_EMPTY_BODY = YES;
				CLANG_WARN_ENUM_CONVERSION = YES;
				CLANG_WARN_INT_CONVERSION = YES;
				CLANG_WARN__DUPLICATE_METHOD_MATCH = YES;
				GCC_C_LANGUAGE_STANDARD = c99;
				GCC_THUMB_SUPPORT = NO;
				GCC_VERSION = "";
				GCC_WARN_ABOUT_RETURN_TYPE = YES;
				GCC_WARN_UNDECLARED_SELECTOR = YES;
				GCC_WARN_UNINITIALIZED_AUTOS = YES;
				GCC_WARN_UNUSED_FUNCTION = YES;
				GCC_WARN_UNUSED_VARIABLE = YES;
				ONLY_ACTIVE_ARCH = YES;
				SDKROOT = iphoneos;
				SKIP_INSTALL = NO;
				IPHONEOS_DEPLOYMENT_TARGET = 7.0;
				ASSETCATALOG_COMPILER_LAUNCHIMAGE_NAME = LaunchImage;
			};
			name = Debug;
		};
		C01FCF5008A954540054247B /* Release */ = {
			isa = XCBuildConfiguration;
			baseConfigurationReference = 3047A5111AB8059700498E2A /* build.xcconfig */;
			buildSettings = {
				CLANG_ENABLE_MODULES = YES;
				CLANG_ENABLE_OBJC_ARC = YES;
				CLANG_WARN_BOOL_CONVERSION = YES;
				CLANG_WARN_CONSTANT_CONVERSION = YES;
				CLANG_WARN_EMPTY_BODY = YES;
				CLANG_WARN_ENUM_CONVERSION = YES;
				CLANG_WARN_INT_CONVERSION = YES;
				CLANG_WARN__DUPLICATE_METHOD_MATCH = YES;
				GCC_C_LANGUAGE_STANDARD = c99;
				GCC_THUMB_SUPPORT = NO;
				GCC_VERSION = "";
				GCC_WARN_ABOUT_RETURN_TYPE = YES;
				GCC_WARN_UNDECLARED_SELECTOR = YES;
				GCC_WARN_UNINITIALIZED_AUTOS = YES;
				GCC_WARN_UNUSED_FUNCTION = YES;
				GCC_WARN_UNUSED_VARIABLE = YES;
				SDKROOT = iphoneos;
				SKIP_INSTALL = NO;
				IPHONEOS_DEPLOYMENT_TARGET = 7.0;
				ASSETCATALOG_COMPILER_LAUNCHIMAGE_NAME = LaunchImage;
			};
			name = Release;
		};
/* End XCBuildConfiguration section */

/* Begin XCConfigurationList section */
		1D6058960D05DD3E006BFB54 /* Build configuration list for PBXNativeTarget "MyMat - Light - Deutsch" */ = {
			isa = XCConfigurationList;
			buildConfigurations = (
				1D6058940D05DD3E006BFB54 /* Debug */,
				1D6058950D05DD3E006BFB54 /* Release */,
			);
			defaultConfigurationIsVisible = 0;
			defaultConfigurationName = Release;
		};
		C01FCF4E08A954540054247B /* Build configuration list for PBXProject "__NON-CLI__" */ = {
			isa = XCConfigurationList;
			buildConfigurations = (
				C01FCF4F08A954540054247B /* Debug */,
				C01FCF5008A954540054247B /* Release */,
			);
			defaultConfigurationIsVisible = 0;
			defaultConfigurationName = Release;
		};
/* End XCConfigurationList section */
	};
	rootObject = 29B97313FDCFA39411CA2CEA /* Project object */;
}
